
Microsoft Visual Studio Solution File, Format Version 12.00
# Visual Studio 2013
VisualStudioVersion = 12.0.40629.0
MinimumVisualStudioVersion = 10.0.40219.1
Project("{8BC9CEB8-8B4A-11D0-8D11-00A0C91BC942}") = "DataControlServer", "DataControlServer\DataControlServer.vcxproj", "{B377C3F0-B227-4FD6-A2C4-0F462AF7DEE5}"
EndProject
Project("{8BC9CEB8-8B4A-11D0-8D11-00A0C91BC942}") = "DataMgrTool", "DataMgrTool\DataMgrTool.vcxproj", "{DC6BF4F5-7AD3-47C5-A101-9DC82EBFB8B1}"
EndProject
Project("{8BC9CEB8-8B4A-11D0-8D11-00A0C91BC942}") = "VersionControlServer", "VersionControlServer\VersionControlServer.vcxproj", "{FDBD348A-4559-4FBC-B685-76F307469FFF}"
EndProject
Global
	GlobalSection(SolutionConfigurationPlatforms) = preSolution
		Debug|Win32 = Debug|Win32
		Release|Win32 = Release|Win32
	EndGlobalSection
	GlobalSection(ProjectConfigurationPlatforms) = postSolution
		{B377C3F0-B227-4FD6-A2C4-0F462AF7DEE5}.Debug|Win32.ActiveCfg = Debug|Win32
		{B377C3F0-B227-4FD6-A2C4-0F462AF7DEE5}.Debug|Win32.Build.0 = Debug|Win32
		{B377C3F0-B227-4FD6-A2C4-0F462AF7DEE5}.Release|Win32.ActiveCfg = Release|Win32
		{B377C3F0-B227-4FD6-A2C4-0F462AF7DEE5}.Release|Win32.Build.0 = Release|Win32
		{DC6BF4F5-7AD3-47C5-A101-9DC82EBFB8B1}.Debug|Win32.ActiveCfg = Debug|Win32
		{DC6BF4F5-7AD3-47C5-A101-9DC82EBFB8B1}.Debug|Win32.Build.0 = Debug|Win32
		{DC6BF4F5-7AD3-47C5-A101-9DC82EBFB8B1}.Release|Win32.ActiveCfg = Release|Win32
		{DC6BF4F5-7AD3-47C5-A101-9DC82EBFB8B1}.Release|Win32.Build.0 = Release|Win32
		{FDBD348A-4559-4FBC-B685-76F307469FFF}.Debug|Win32.ActiveCfg = Debug|Win32
		{FDBD348A-4559-4FBC-B685-76F307469FFF}.Debug|Win32.Build.0 = Debug|Win32
		{FDBD348A-4559-4FBC-B685-76F307469FFF}.Release|Win32.ActiveCfg = Release|Win32
		{FDBD348A-4559-4FBC-B685-76F307469FFF}.Release|Win32.Build.0 = Release|Win32
	EndGlobalSection
	GlobalSection(SolutionProperties) = preSolution
		HideSolutionNode = FALSE
	EndGlobalSection
EndGlobal
