
Microsoft Visual Studio Solution File, Format Version 12.00
# Visual Studio 2013
VisualStudioVersion = 12.0.40629.0
MinimumVisualStudioVersion = 10.0.40219.1
Project("{8BC9CEB8-8B4A-11D0-8D11-00A0C91BC942}") = "ScanTool", "ScanTool\ScanTool.vcxproj", "{EF783C1C-C42B-49CD-B9A7-C50399C12744}"
EndProject
Project("{8BC9CEB8-8B4A-11D0-8D11-00A0C91BC942}") = "sendFileTest", "sendFileTest\sendFileTest.vcxproj", "{6D74B7B1-7350-4FC7-A132-903E31310FD2}"
EndProject
Project("{8BC9CEB8-8B4A-11D0-8D11-00A0C91BC942}") = "RecogDLL", "RecogDLL\RecogDLL\RecogDLL.vcxproj", "{A862B745-B99B-460F-ADD1-19E3222BC387}"
EndProject
Project("{8BC9CEB8-8B4A-11D0-8D11-00A0C91BC942}") = "RecogDLL_Test", "RecogDLL_Test\RecogDLL_Test.vcxproj", "{4B252D55-375F-42CE-85D9-181C920FE3B8}"
EndProject
Project("{8BC9CEB8-8B4A-11D0-8D11-00A0C91BC942}") = "sendFileChildProcess", "sendFileChildProcess\sendFileChildProcess.vcxproj", "{E9F2824D-F7E7-45A5-BA50-A35F757AB5CE}"
EndProject
Project("{8BC9CEB8-8B4A-11D0-8D11-00A0C91BC942}") = "testPro", "testPro\testPro.vcxproj", "{FCE2B95A-80C7-4733-8C5C-69A864093C02}"
EndProject
Project("{8BC9CEB8-8B4A-11D0-8D11-00A0C91BC942}") = "yklxServer", "yklxServer\yklxServer.vcxproj", "{7F260EF1-31A9-4783-B863-78B029E2BEFB}"
EndProject
Project("{8BC9CEB8-8B4A-11D0-8D11-00A0C91BC942}") = "yklxServerPS", "yklxServer\yklxServerPS.vcxproj", "{38F1189D-D095-433F-8B2D-23F4B0149970}"
	ProjectSection(ProjectDependencies) = postProject
		{7F260EF1-31A9-4783-B863-78B029E2BEFB} = {7F260EF1-31A9-4783-B863-78B029E2BEFB}
	EndProjectSection
EndProject
Project("{6141683F-8A12-4E36-9623-2EB02B2C2303}") = "Setup", "Setup\Setup\Setup.isproj", "{C846A163-C756-49D8-8F92-2F0FCEC27752}"
EndProject
Project("{8BC9CEB8-8B4A-11D0-8D11-00A0C91BC942}") = "ScanToolStart", "ScanToolStart\ScanToolStart.vcxproj", "{364B069E-839B-4F35-AD8F-B2A704F26D7D}"
EndProject
Global
	GlobalSection(SolutionConfigurationPlatforms) = preSolution
		CD_ROM|Win32 = CD_ROM|Win32
		Debug|Win32 = Debug|Win32
		DVD-5|Win32 = DVD-5|Win32
		Release|Win32 = Release|Win32
		SingleImage|Win32 = SingleImage|Win32
	EndGlobalSection
	GlobalSection(ProjectConfigurationPlatforms) = postSolution
		{EF783C1C-C42B-49CD-B9A7-C50399C12744}.CD_ROM|Win32.ActiveCfg = Release|Win32
		{EF783C1C-C42B-49CD-B9A7-C50399C12744}.CD_ROM|Win32.Build.0 = Release|Win32
		{EF783C1C-C42B-49CD-B9A7-C50399C12744}.Debug|Win32.ActiveCfg = Debug|Win32
		{EF783C1C-C42B-49CD-B9A7-C50399C12744}.Debug|Win32.Build.0 = Debug|Win32
		{EF783C1C-C42B-49CD-B9A7-C50399C12744}.DVD-5|Win32.ActiveCfg = Debug|Win32
		{EF783C1C-C42B-49CD-B9A7-C50399C12744}.DVD-5|Win32.Build.0 = Debug|Win32
		{EF783C1C-C42B-49CD-B9A7-C50399C12744}.Release|Win32.ActiveCfg = Release|Win32
		{EF783C1C-C42B-49CD-B9A7-C50399C12744}.Release|Win32.Build.0 = Release|Win32
		{EF783C1C-C42B-49CD-B9A7-C50399C12744}.SingleImage|Win32.ActiveCfg = Release|Win32
		{EF783C1C-C42B-49CD-B9A7-C50399C12744}.SingleImage|Win32.Build.0 = Release|Win32
		{6D74B7B1-7350-4FC7-A132-903E31310FD2}.CD_ROM|Win32.ActiveCfg = Release|Win32
		{6D74B7B1-7350-4FC7-A132-903E31310FD2}.CD_ROM|Win32.Build.0 = Release|Win32
		{6D74B7B1-7350-4FC7-A132-903E31310FD2}.Debug|Win32.ActiveCfg = Debug|Win32
		{6D74B7B1-7350-4FC7-A132-903E31310FD2}.Debug|Win32.Build.0 = Debug|Win32
		{6D74B7B1-7350-4FC7-A132-903E31310FD2}.DVD-5|Win32.ActiveCfg = Debug|Win32
		{6D74B7B1-7350-4FC7-A132-903E31310FD2}.DVD-5|Win32.Build.0 = Debug|Win32
		{6D74B7B1-7350-4FC7-A132-903E31310FD2}.Release|Win32.ActiveCfg = Release|Win32
		{6D74B7B1-7350-4FC7-A132-903E31310FD2}.Release|Win32.Build.0 = Release|Win32
		{6D74B7B1-7350-4FC7-A132-903E31310FD2}.SingleImage|Win32.ActiveCfg = Release|Win32
		{6D74B7B1-7350-4FC7-A132-903E31310FD2}.SingleImage|Win32.Build.0 = Release|Win32
		{A862B745-B99B-460F-ADD1-19E3222BC387}.CD_ROM|Win32.ActiveCfg = Release|Win32
		{A862B745-B99B-460F-ADD1-19E3222BC387}.CD_ROM|Win32.Build.0 = Release|Win32
		{A862B745-B99B-460F-ADD1-19E3222BC387}.Debug|Win32.ActiveCfg = Debug|Win32
		{A862B745-B99B-460F-ADD1-19E3222BC387}.Debug|Win32.Build.0 = Debug|Win32
		{A862B745-B99B-460F-ADD1-19E3222BC387}.DVD-5|Win32.ActiveCfg = Debug|Win32
		{A862B745-B99B-460F-ADD1-19E3222BC387}.DVD-5|Win32.Build.0 = Debug|Win32
		{A862B745-B99B-460F-ADD1-19E3222BC387}.Release|Win32.ActiveCfg = Release|Win32
		{A862B745-B99B-460F-ADD1-19E3222BC387}.Release|Win32.Build.0 = Release|Win32
		{A862B745-B99B-460F-ADD1-19E3222BC387}.SingleImage|Win32.ActiveCfg = Release|Win32
		{A862B745-B99B-460F-ADD1-19E3222BC387}.SingleImage|Win32.Build.0 = Release|Win32
		{4B252D55-375F-42CE-85D9-181C920FE3B8}.CD_ROM|Win32.ActiveCfg = Release|Win32
		{4B252D55-375F-42CE-85D9-181C920FE3B8}.CD_ROM|Win32.Build.0 = Release|Win32
		{4B252D55-375F-42CE-85D9-181C920FE3B8}.Debug|Win32.ActiveCfg = Debug|Win32
		{4B252D55-375F-42CE-85D9-181C920FE3B8}.Debug|Win32.Build.0 = Debug|Win32
		{4B252D55-375F-42CE-85D9-181C920FE3B8}.DVD-5|Win32.ActiveCfg = Debug|Win32
		{4B252D55-375F-42CE-85D9-181C920FE3B8}.DVD-5|Win32.Build.0 = Debug|Win32
		{4B252D55-375F-42CE-85D9-181C920FE3B8}.Release|Win32.ActiveCfg = Release|Win32
		{4B252D55-375F-42CE-85D9-181C920FE3B8}.Release|Win32.Build.0 = Release|Win32
		{4B252D55-375F-42CE-85D9-181C920FE3B8}.SingleImage|Win32.ActiveCfg = Release|Win32
		{4B252D55-375F-42CE-85D9-181C920FE3B8}.SingleImage|Win32.Build.0 = Release|Win32
		{E9F2824D-F7E7-45A5-BA50-A35F757AB5CE}.CD_ROM|Win32.ActiveCfg = Release|Win32
		{E9F2824D-F7E7-45A5-BA50-A35F757AB5CE}.CD_ROM|Win32.Build.0 = Release|Win32
		{E9F2824D-F7E7-45A5-BA50-A35F757AB5CE}.Debug|Win32.ActiveCfg = Debug|Win32
		{E9F2824D-F7E7-45A5-BA50-A35F757AB5CE}.Debug|Win32.Build.0 = Debug|Win32
		{E9F2824D-F7E7-45A5-BA50-A35F757AB5CE}.DVD-5|Win32.ActiveCfg = Debug|Win32
		{E9F2824D-F7E7-45A5-BA50-A35F757AB5CE}.DVD-5|Win32.Build.0 = Debug|Win32
		{E9F2824D-F7E7-45A5-BA50-A35F757AB5CE}.Release|Win32.ActiveCfg = Release|Win32
		{E9F2824D-F7E7-45A5-BA50-A35F757AB5CE}.Release|Win32.Build.0 = Release|Win32
		{E9F2824D-F7E7-45A5-BA50-A35F757AB5CE}.SingleImage|Win32.ActiveCfg = Release|Win32
		{E9F2824D-F7E7-45A5-BA50-A35F757AB5CE}.SingleImage|Win32.Build.0 = Release|Win32
		{FCE2B95A-80C7-4733-8C5C-69A864093C02}.CD_ROM|Win32.ActiveCfg = Release|Win32
		{FCE2B95A-80C7-4733-8C5C-69A864093C02}.CD_ROM|Win32.Build.0 = Release|Win32
		{FCE2B95A-80C7-4733-8C5C-69A864093C02}.Debug|Win32.ActiveCfg = Debug|Win32
		{FCE2B95A-80C7-4733-8C5C-69A864093C02}.Debug|Win32.Build.0 = Debug|Win32
		{FCE2B95A-80C7-4733-8C5C-69A864093C02}.DVD-5|Win32.ActiveCfg = Debug|Win32
		{FCE2B95A-80C7-4733-8C5C-69A864093C02}.DVD-5|Win32.Build.0 = Debug|Win32
		{FCE2B95A-80C7-4733-8C5C-69A864093C02}.Release|Win32.ActiveCfg = Release|Win32
		{FCE2B95A-80C7-4733-8C5C-69A864093C02}.Release|Win32.Build.0 = Release|Win32
		{FCE2B95A-80C7-4733-8C5C-69A864093C02}.SingleImage|Win32.ActiveCfg = Release|Win32
		{FCE2B95A-80C7-4733-8C5C-69A864093C02}.SingleImage|Win32.Build.0 = Release|Win32
		{7F260EF1-31A9-4783-B863-78B029E2BEFB}.CD_ROM|Win32.ActiveCfg = Release|Win32
		{7F260EF1-31A9-4783-B863-78B029E2BEFB}.CD_ROM|Win32.Build.0 = Release|Win32
		{7F260EF1-31A9-4783-B863-78B029E2BEFB}.Debug|Win32.ActiveCfg = Debug|Win32
		{7F260EF1-31A9-4783-B863-78B029E2BEFB}.Debug|Win32.Build.0 = Debug|Win32
		{7F260EF1-31A9-4783-B863-78B029E2BEFB}.DVD-5|Win32.ActiveCfg = Debug|Win32
		{7F260EF1-31A9-4783-B863-78B029E2BEFB}.DVD-5|Win32.Build.0 = Debug|Win32
		{7F260EF1-31A9-4783-B863-78B029E2BEFB}.Release|Win32.ActiveCfg = Release|Win32
		{7F260EF1-31A9-4783-B863-78B029E2BEFB}.Release|Win32.Build.0 = Release|Win32
		{7F260EF1-31A9-4783-B863-78B029E2BEFB}.SingleImage|Win32.ActiveCfg = Release|Win32
		{7F260EF1-31A9-4783-B863-78B029E2BEFB}.SingleImage|Win32.Build.0 = Release|Win32
		{38F1189D-D095-433F-8B2D-23F4B0149970}.CD_ROM|Win32.ActiveCfg = Release|Win32
		{38F1189D-D095-433F-8B2D-23F4B0149970}.CD_ROM|Win32.Build.0 = Release|Win32
		{38F1189D-D095-433F-8B2D-23F4B0149970}.Debug|Win32.ActiveCfg = Debug|Win32
		{38F1189D-D095-433F-8B2D-23F4B0149970}.DVD-5|Win32.ActiveCfg = Debug|Win32
		{38F1189D-D095-433F-8B2D-23F4B0149970}.DVD-5|Win32.Build.0 = Debug|Win32
		{38F1189D-D095-433F-8B2D-23F4B0149970}.Release|Win32.ActiveCfg = Release|Win32
		{38F1189D-D095-433F-8B2D-23F4B0149970}.SingleImage|Win32.ActiveCfg = Release|Win32
		{38F1189D-D095-433F-8B2D-23F4B0149970}.SingleImage|Win32.Build.0 = Release|Win32
		{C846A163-C756-49D8-8F92-2F0FCEC27752}.CD_ROM|Win32.ActiveCfg = CD_ROM
		{C846A163-C756-49D8-8F92-2F0FCEC27752}.CD_ROM|Win32.Build.0 = CD_ROM
		{C846A163-C756-49D8-8F92-2F0FCEC27752}.Debug|Win32.ActiveCfg = DVD-5
		{C846A163-C756-49D8-8F92-2F0FCEC27752}.Debug|Win32.Build.0 = DVD-5
		{C846A163-C756-49D8-8F92-2F0FCEC27752}.DVD-5|Win32.ActiveCfg = DVD-5
		{C846A163-C756-49D8-8F92-2F0FCEC27752}.DVD-5|Win32.Build.0 = DVD-5
		{C846A163-C756-49D8-8F92-2F0FCEC27752}.Release|Win32.ActiveCfg = SingleImage
		{C846A163-C756-49D8-8F92-2F0FCEC27752}.Release|Win32.Build.0 = SingleImage
		{C846A163-C756-49D8-8F92-2F0FCEC27752}.SingleImage|Win32.ActiveCfg = SingleImage
		{C846A163-C756-49D8-8F92-2F0FCEC27752}.SingleImage|Win32.Build.0 = SingleImage
		{364B069E-839B-4F35-AD8F-B2A704F26D7D}.CD_ROM|Win32.ActiveCfg = Release|Win32
		{364B069E-839B-4F35-AD8F-B2A704F26D7D}.CD_ROM|Win32.Build.0 = Release|Win32
		{364B069E-839B-4F35-AD8F-B2A704F26D7D}.Debug|Win32.ActiveCfg = Debug|Win32
		{364B069E-839B-4F35-AD8F-B2A704F26D7D}.Debug|Win32.Build.0 = Debug|Win32
		{364B069E-839B-4F35-AD8F-B2A704F26D7D}.DVD-5|Win32.ActiveCfg = Debug|Win32
		{364B069E-839B-4F35-AD8F-B2A704F26D7D}.DVD-5|Win32.Build.0 = Debug|Win32
		{364B069E-839B-4F35-AD8F-B2A704F26D7D}.Release|Win32.ActiveCfg = Release|Win32
		{364B069E-839B-4F35-AD8F-B2A704F26D7D}.Release|Win32.Build.0 = Release|Win32
		{364B069E-839B-4F35-AD8F-B2A704F26D7D}.SingleImage|Win32.ActiveCfg = Release|Win32
		{364B069E-839B-4F35-AD8F-B2A704F26D7D}.SingleImage|Win32.Build.0 = Release|Win32
	EndGlobalSection
	GlobalSection(SolutionProperties) = preSolution
		HideSolutionNode = FALSE
	EndGlobalSection
EndGlobal
