
Microsoft Visual Studio Solution File, Format Version 12.00
# Visual Studio 2013
VisualStudioVersion = 12.0.21005.1
MinimumVisualStudioVersion = 10.0.40219.1
Project("{8BC9CEB8-8B4A-11D0-8D11-00A0C91BC942}") = "ScanTool", "ScanTool\ScanTool.vcxproj", "{EF783C1C-C42B-49CD-B9A7-C50399C12744}"
EndProject
Project("{8BC9CEB8-8B4A-11D0-8D11-00A0C91BC942}") = "RecogDLL", "RecogDLL\RecogDLL\RecogDLL.vcxproj", "{A862B745-B99B-460F-ADD1-19E3222BC387}"
EndProject
Project("{8BC9CEB8-8B4A-11D0-8D11-00A0C91BC942}") = "RecogDLL_Test", "RecogDLL_Test\RecogDLL_Test.vcxproj", "{4B252D55-375F-42CE-85D9-181C920FE3B8}"
EndProject
Project("{8BC9CEB8-8B4A-11D0-8D11-00A0C91BC942}") = "EasyTntGuardProcess", "EasyTntGuardProcess\EasyTntGuardProcess.vcxproj", "{00DEFE83-4D1D-4F03-961C-6A9F0FB25721}"
EndProject
Project("{8BC9CEB8-8B4A-11D0-8D11-00A0C91BC942}") = "Uninstall", "Uninstall\Uninstall.vcxproj", "{2B3E6022-BF03-4A0E-99E9-4E48715BE6FF}"
EndProject
Project("{8BC9CEB8-8B4A-11D0-8D11-00A0C91BC942}") = "ScanTool3", "ScanTool3\ScanTool3.vcxproj", "{0CFDE0FD-86FE-4531-8878-94CE1FFC2BF6}"
EndProject
Project("{8BC9CEB8-8B4A-11D0-8D11-00A0C91BC942}") = "ScanTool2", "ScanTool2\ScanTool2.vcxproj", "{0CD01A11-4779-47B8-94C5-379F4947D365}"
EndProject
Global
	GlobalSection(SolutionConfigurationPlatforms) = preSolution
		CD_ROM|Win32 = CD_ROM|Win32
		Debug|Win32 = Debug|Win32
		DVD-5|Win32 = DVD-5|Win32
		Release|Win32 = Release|Win32
		SingleImage|Win32 = SingleImage|Win32
	EndGlobalSection
	GlobalSection(ProjectConfigurationPlatforms) = postSolution
		{EF783C1C-C42B-49CD-B9A7-C50399C12744}.CD_ROM|Win32.ActiveCfg = Release|Win32
		{EF783C1C-C42B-49CD-B9A7-C50399C12744}.CD_ROM|Win32.Build.0 = Release|Win32
		{EF783C1C-C42B-49CD-B9A7-C50399C12744}.Debug|Win32.ActiveCfg = Debug|Win32
		{EF783C1C-C42B-49CD-B9A7-C50399C12744}.Debug|Win32.Build.0 = Debug|Win32
		{EF783C1C-C42B-49CD-B9A7-C50399C12744}.DVD-5|Win32.ActiveCfg = Debug|Win32
		{EF783C1C-C42B-49CD-B9A7-C50399C12744}.DVD-5|Win32.Build.0 = Debug|Win32
		{EF783C1C-C42B-49CD-B9A7-C50399C12744}.Release|Win32.ActiveCfg = Release|Win32
		{EF783C1C-C42B-49CD-B9A7-C50399C12744}.Release|Win32.Build.0 = Release|Win32
		{EF783C1C-C42B-49CD-B9A7-C50399C12744}.SingleImage|Win32.ActiveCfg = Release|Win32
		{EF783C1C-C42B-49CD-B9A7-C50399C12744}.SingleImage|Win32.Build.0 = Release|Win32
		{A862B745-B99B-460F-ADD1-19E3222BC387}.CD_ROM|Win32.ActiveCfg = Release|Win32
		{A862B745-B99B-460F-ADD1-19E3222BC387}.CD_ROM|Win32.Build.0 = Release|Win32
		{A862B745-B99B-460F-ADD1-19E3222BC387}.Debug|Win32.ActiveCfg = Debug|Win32
		{A862B745-B99B-460F-ADD1-19E3222BC387}.Debug|Win32.Build.0 = Debug|Win32
		{A862B745-B99B-460F-ADD1-19E3222BC387}.DVD-5|Win32.ActiveCfg = Debug|Win32
		{A862B745-B99B-460F-ADD1-19E3222BC387}.DVD-5|Win32.Build.0 = Debug|Win32
		{A862B745-B99B-460F-ADD1-19E3222BC387}.Release|Win32.ActiveCfg = Release|Win32
		{A862B745-B99B-460F-ADD1-19E3222BC387}.Release|Win32.Build.0 = Release|Win32
		{A862B745-B99B-460F-ADD1-19E3222BC387}.SingleImage|Win32.ActiveCfg = Release|Win32
		{A862B745-B99B-460F-ADD1-19E3222BC387}.SingleImage|Win32.Build.0 = Release|Win32
		{4B252D55-375F-42CE-85D9-181C920FE3B8}.CD_ROM|Win32.ActiveCfg = Release|Win32
		{4B252D55-375F-42CE-85D9-181C920FE3B8}.CD_ROM|Win32.Build.0 = Release|Win32
		{4B252D55-375F-42CE-85D9-181C920FE3B8}.Debug|Win32.ActiveCfg = Debug|Win32
		{4B252D55-375F-42CE-85D9-181C920FE3B8}.Debug|Win32.Build.0 = Debug|Win32
		{4B252D55-375F-42CE-85D9-181C920FE3B8}.DVD-5|Win32.ActiveCfg = Debug|Win32
		{4B252D55-375F-42CE-85D9-181C920FE3B8}.DVD-5|Win32.Build.0 = Debug|Win32
		{4B252D55-375F-42CE-85D9-181C920FE3B8}.Release|Win32.ActiveCfg = Release|Win32
		{4B252D55-375F-42CE-85D9-181C920FE3B8}.Release|Win32.Build.0 = Release|Win32
		{4B252D55-375F-42CE-85D9-181C920FE3B8}.SingleImage|Win32.ActiveCfg = Release|Win32
		{4B252D55-375F-42CE-85D9-181C920FE3B8}.SingleImage|Win32.Build.0 = Release|Win32
		{00DEFE83-4D1D-4F03-961C-6A9F0FB25721}.CD_ROM|Win32.ActiveCfg = Release|Win32
		{00DEFE83-4D1D-4F03-961C-6A9F0FB25721}.CD_ROM|Win32.Build.0 = Release|Win32
		{00DEFE83-4D1D-4F03-961C-6A9F0FB25721}.Debug|Win32.ActiveCfg = Debug|Win32
		{00DEFE83-4D1D-4F03-961C-6A9F0FB25721}.Debug|Win32.Build.0 = Debug|Win32
		{00DEFE83-4D1D-4F03-961C-6A9F0FB25721}.DVD-5|Win32.ActiveCfg = Debug|Win32
		{00DEFE83-4D1D-4F03-961C-6A9F0FB25721}.DVD-5|Win32.Build.0 = Debug|Win32
		{00DEFE83-4D1D-4F03-961C-6A9F0FB25721}.Release|Win32.ActiveCfg = Release|Win32
		{00DEFE83-4D1D-4F03-961C-6A9F0FB25721}.Release|Win32.Build.0 = Release|Win32
		{00DEFE83-4D1D-4F03-961C-6A9F0FB25721}.SingleImage|Win32.ActiveCfg = Release|Win32
		{00DEFE83-4D1D-4F03-961C-6A9F0FB25721}.SingleImage|Win32.Build.0 = Release|Win32
		{2B3E6022-BF03-4A0E-99E9-4E48715BE6FF}.CD_ROM|Win32.ActiveCfg = Release|Win32
		{2B3E6022-BF03-4A0E-99E9-4E48715BE6FF}.CD_ROM|Win32.Build.0 = Release|Win32
		{2B3E6022-BF03-4A0E-99E9-4E48715BE6FF}.Debug|Win32.ActiveCfg = Debug|Win32
		{2B3E6022-BF03-4A0E-99E9-4E48715BE6FF}.Debug|Win32.Build.0 = Debug|Win32
		{2B3E6022-BF03-4A0E-99E9-4E48715BE6FF}.DVD-5|Win32.ActiveCfg = Debug|Win32
		{2B3E6022-BF03-4A0E-99E9-4E48715BE6FF}.DVD-5|Win32.Build.0 = Debug|Win32
		{2B3E6022-BF03-4A0E-99E9-4E48715BE6FF}.Release|Win32.ActiveCfg = Release|Win32
		{2B3E6022-BF03-4A0E-99E9-4E48715BE6FF}.Release|Win32.Build.0 = Release|Win32
		{2B3E6022-BF03-4A0E-99E9-4E48715BE6FF}.SingleImage|Win32.ActiveCfg = Release|Win32
		{2B3E6022-BF03-4A0E-99E9-4E48715BE6FF}.SingleImage|Win32.Build.0 = Release|Win32
		{0CFDE0FD-86FE-4531-8878-94CE1FFC2BF6}.CD_ROM|Win32.ActiveCfg = Release|Win32
		{0CFDE0FD-86FE-4531-8878-94CE1FFC2BF6}.CD_ROM|Win32.Build.0 = Release|Win32
		{0CFDE0FD-86FE-4531-8878-94CE1FFC2BF6}.Debug|Win32.ActiveCfg = Debug|Win32
		{0CFDE0FD-86FE-4531-8878-94CE1FFC2BF6}.Debug|Win32.Build.0 = Debug|Win32
		{0CFDE0FD-86FE-4531-8878-94CE1FFC2BF6}.DVD-5|Win32.ActiveCfg = Debug|Win32
		{0CFDE0FD-86FE-4531-8878-94CE1FFC2BF6}.DVD-5|Win32.Build.0 = Debug|Win32
		{0CFDE0FD-86FE-4531-8878-94CE1FFC2BF6}.Release|Win32.ActiveCfg = Release|Win32
		{0CFDE0FD-86FE-4531-8878-94CE1FFC2BF6}.Release|Win32.Build.0 = Release|Win32
		{0CFDE0FD-86FE-4531-8878-94CE1FFC2BF6}.SingleImage|Win32.ActiveCfg = Release|Win32
		{0CFDE0FD-86FE-4531-8878-94CE1FFC2BF6}.SingleImage|Win32.Build.0 = Release|Win32
		{0CD01A11-4779-47B8-94C5-379F4947D365}.CD_ROM|Win32.ActiveCfg = Release|Win32
		{0CD01A11-4779-47B8-94C5-379F4947D365}.CD_ROM|Win32.Build.0 = Release|Win32
		{0CD01A11-4779-47B8-94C5-379F4947D365}.Debug|Win32.ActiveCfg = Debug|Win32
		{0CD01A11-4779-47B8-94C5-379F4947D365}.Debug|Win32.Build.0 = Debug|Win32
		{0CD01A11-4779-47B8-94C5-379F4947D365}.DVD-5|Win32.ActiveCfg = Debug|Win32
		{0CD01A11-4779-47B8-94C5-379F4947D365}.DVD-5|Win32.Build.0 = Debug|Win32
		{0CD01A11-4779-47B8-94C5-379F4947D365}.Release|Win32.ActiveCfg = Release|Win32
		{0CD01A11-4779-47B8-94C5-379F4947D365}.Release|Win32.Build.0 = Release|Win32
		{0CD01A11-4779-47B8-94C5-379F4947D365}.SingleImage|Win32.ActiveCfg = Release|Win32
		{0CD01A11-4779-47B8-94C5-379F4947D365}.SingleImage|Win32.Build.0 = Release|Win32
	EndGlobalSection
	GlobalSection(SolutionProperties) = preSolution
		HideSolutionNode = FALSE
	EndGlobalSection
EndGlobal
