<?xml version="1.0" encoding="utf-8"?>
<Project ToolsVersion="4.0" xmlns="http://schemas.microsoft.com/developer/msbuild/2003">
  <ItemGroup>
    <Filter Include="源文件">
      <UniqueIdentifier>{4FC737F1-C7A5-4376-A066-2A32D752A2FF}</UniqueIdentifier>
      <Extensions>cpp;c;cc;cxx;def;odl;idl;hpj;bat;asm;asmx</Extensions>
    </Filter>
    <Filter Include="头文件">
      <UniqueIdentifier>{93995380-89BD-4b04-88EB-625FBE52EBFB}</UniqueIdentifier>
      <Extensions>h;hh;hpp;hxx;hm;inl;inc;xsd</Extensions>
    </Filter>
    <Filter Include="资源文件">
      <UniqueIdentifier>{67DA6AB6-F800-4c08-8B7A-83BB121AAD01}</UniqueIdentifier>
      <Extensions>rc;ico;cur;bmp;dlg;rc2;rct;bin;rgs;gif;jpg;jpeg;jpe;resx;tiff;tif;png;wav;mfcribbon-ms</Extensions>
    </Filter>
    <Filter Include="考试列表窗口列表">
      <UniqueIdentifier>{2b04f457-11cb-4c4b-ab1c-858e7f6cc557}</UniqueIdentifier>
    </Filter>
    <Filter Include="登录">
      <UniqueIdentifier>{85007784-79cb-4dec-9776-58b66a1d4ce4}</UniqueIdentifier>
    </Filter>
    <Filter Include="global">
      <UniqueIdentifier>{1c4ead59-7521-416c-b741-0eeadb93a2ac}</UniqueIdentifier>
    </Filter>
    <Filter Include="登录\天喻多平台选项框">
      <UniqueIdentifier>{78c35e81-e87d-4c15-bc98-9dd82597a4d4}</UniqueIdentifier>
    </Filter>
    <Filter Include="转码">
      <UniqueIdentifier>{5e3d918d-43f2-4987-95df-f3803da949e0}</UniqueIdentifier>
    </Filter>
    <Filter Include="线程">
      <UniqueIdentifier>{2aafe9e3-6c8c-456d-b586-1f0c8d9677eb}</UniqueIdentifier>
    </Filter>
    <Filter Include="线程\解压缩">
      <UniqueIdentifier>{39b5f0e4-a150-4f14-b243-6b58940b5001}</UniqueIdentifier>
    </Filter>
    <Filter Include="线程\tcp命令">
      <UniqueIdentifier>{897d2071-c606-4f94-b9dd-e04a2a38274e}</UniqueIdentifier>
    </Filter>
    <Filter Include="报名库管理">
      <UniqueIdentifier>{030b5030-c242-4be9-868b-4f1138b2b710}</UniqueIdentifier>
    </Filter>
    <Filter Include="common">
      <UniqueIdentifier>{0b53347d-c877-4655-8ddd-924991641f7c}</UniqueIdentifier>
    </Filter>
    <Filter Include="考试列表窗口列表\单项考试列表窗口">
      <UniqueIdentifier>{2ac6e35e-c53e-4354-a13e-73ab6e262a42}</UniqueIdentifier>
    </Filter>
    <Filter Include="控件">
      <UniqueIdentifier>{342e7ff4-0588-4477-a7b0-fc9ee46801a0}</UniqueIdentifier>
    </Filter>
    <Filter Include="控件\下拉列表">
      <UniqueIdentifier>{84bbe0c1-ee90-4d49-9a6d-f011ea86a5b9}</UniqueIdentifier>
    </Filter>
    <Filter Include="扫描界面窗口">
      <UniqueIdentifier>{6ae26692-6328-4d45-8508-ad3df034c137}</UniqueIdentifier>
    </Filter>
    <Filter Include="扫描界面窗口\TWAIN">
      <UniqueIdentifier>{a693d912-16d6-4fe9-a98c-2af8499c9354}</UniqueIdentifier>
    </Filter>
    <Filter Include="线程\扫描">
      <UniqueIdentifier>{69996135-b9e2-4e01-84bb-775d7c95d8d0}</UniqueIdentifier>
    </Filter>
    <Filter Include="线程\识别">
      <UniqueIdentifier>{193e3ee1-a31d-4eaa-b651-557e4369a808}</UniqueIdentifier>
    </Filter>
    <Filter Include="dump">
      <UniqueIdentifier>{763ac6fb-f4d1-46ea-af03-790ab1d36bed}</UniqueIdentifier>
    </Filter>
    <Filter Include="扫描界面窗口\下载报名库和模板等待窗口">
      <UniqueIdentifier>{ed01a411-d295-422f-9877-efa8380dc6e0}</UniqueIdentifier>
    </Filter>
    <Filter Include="扫描界面窗口\扫描开始窗口">
      <UniqueIdentifier>{e77a3cbe-c631-4648-8916-1247a7eab655}</UniqueIdentifier>
    </Filter>
    <Filter Include="扫描界面窗口\扫描过程窗口">
      <UniqueIdentifier>{640e6bcf-dd8d-4d0c-b1e6-06deb1a92301}</UniqueIdentifier>
    </Filter>
    <Filter Include="控件\XList">
      <UniqueIdentifier>{6f04ce61-ac54-4530-9e36-b476b9c458f0}</UniqueIdentifier>
    </Filter>
    <Filter Include="扫描界面窗口\扫描过程窗口\扫描中状态窗口">
      <UniqueIdentifier>{4fb2a0d0-65a8-498e-9040-b100263ac4c6}</UniqueIdentifier>
    </Filter>
    <Filter Include="扫描界面窗口\扫描过程窗口\图像显示窗口">
      <UniqueIdentifier>{b32c79b0-2d03-49e7-91f0-a4ea4ef89ad2}</UniqueIdentifier>
    </Filter>
    <Filter Include="控件\图片显示">
      <UniqueIdentifier>{c7bec528-2cd0-422f-a0b4-3f0cc41560f8}</UniqueIdentifier>
    </Filter>
    <Filter Include="扫描界面窗口\扫描记录查询窗口">
      <UniqueIdentifier>{13f50868-b1b6-4dcf-9fdf-66404f12e172}</UniqueIdentifier>
    </Filter>
    <Filter Include="控件\按钮">
      <UniqueIdentifier>{32688e89-3379-41b1-9bc2-16a0b7236d9f}</UniqueIdentifier>
    </Filter>
    <Filter Include="控件\iconEdit">
      <UniqueIdentifier>{53310133-b815-46db-92fd-5551348919e9}</UniqueIdentifier>
    </Filter>
    <Filter Include="模板界面">
      <UniqueIdentifier>{0ee7330b-ca90-41f3-857b-f033b2172267}</UniqueIdentifier>
    </Filter>
    <Filter Include="控件\scrollbar">
      <UniqueIdentifier>{281a3f9b-ca90-42cd-b5ab-f433e9c75c8b}</UniqueIdentifier>
    </Filter>
    <Filter Include="扫描界面窗口\扫描过程窗口\异常处理窗口">
      <UniqueIdentifier>{75281bea-095a-47ba-b446-c4be6994acdc}</UniqueIdentifier>
    </Filter>
    <Filter Include="扫描界面窗口\扫描过程窗口\异常处理窗口\搜索窗口">
      <UniqueIdentifier>{1826da89-8083-4cb9-916c-ab6e93961f9f}</UniqueIdentifier>
    </Filter>
    <Filter Include="控件\group">
      <UniqueIdentifier>{6a5aa516-766e-461f-9ed1-c57a29e5034d}</UniqueIdentifier>
    </Filter>
    <Filter Include="线程\文件上传">
      <UniqueIdentifier>{81057a4e-ee09-4fac-9e55-8e83d28dfe7d}</UniqueIdentifier>
    </Filter>
    <Filter Include="控件\杂">
      <UniqueIdentifier>{d8b0fd42-4963-4ed4-9177-f57e5936ac7b}</UniqueIdentifier>
    </Filter>
    <Filter Include="控件\提示窗口">
      <UniqueIdentifier>{71cfa959-777f-4de0-be29-6d43f308002b}</UniqueIdentifier>
    </Filter>
    <Filter Include="控件\基础窗口">
      <UniqueIdentifier>{d9e5c7e8-33b6-4ac1-a65c-81b779618cc2}</UniqueIdentifier>
    </Filter>
    <Filter Include="控件\带标题圆角窗口">
      <UniqueIdentifier>{002d80c3-75cf-46b3-bb86-c9ad20101a14}</UniqueIdentifier>
    </Filter>
    <Filter Include="模板界面\扫描题卡">
      <UniqueIdentifier>{1a61cbe5-ab76-4fcb-90e8-19ac0f5b2b6f}</UniqueIdentifier>
    </Filter>
    <Filter Include="模板界面\模板制作界面">
      <UniqueIdentifier>{a4e971e2-02c7-4323-8917-8b9f72997d0e}</UniqueIdentifier>
    </Filter>
    <Filter Include="模板界面\旧模板制作界面">
      <UniqueIdentifier>{7e2269ac-d93f-4cbb-a2d1-4de9380183eb}</UniqueIdentifier>
    </Filter>
    <Filter Include="模板界面\旧模板制作界面\OMR题号设置窗口">
      <UniqueIdentifier>{2e37f864-2a9a-4b5f-88b1-eec48d9fb258}</UniqueIdentifier>
    </Filter>
    <Filter Include="模板界面\旧模板制作界面\OMR选项设置">
      <UniqueIdentifier>{ba0ee282-3e32-4f94-b757-d90c47c6953b}</UniqueIdentifier>
    </Filter>
    <Filter Include="模板界面\旧模板制作界面\OMR选项设置\OMR图片">
      <UniqueIdentifier>{61adae6e-cd10-4edc-a260-1bbed18cdd97}</UniqueIdentifier>
    </Filter>
    <Filter Include="模板界面\旧模板制作界面\保存模板窗口">
      <UniqueIdentifier>{583f1cd3-2b1a-44dd-a901-cf8dbb6fa7e3}</UniqueIdentifier>
    </Filter>
    <Filter Include="模板界面\旧模板制作界面\创建新模板信息填写窗口">
      <UniqueIdentifier>{761a57c4-8265-4808-9204-854c3b746ebf}</UniqueIdentifier>
    </Filter>
    <Filter Include="模板界面\旧模板制作界面\高级参数设置">
      <UniqueIdentifier>{dde98b05-bd5d-4c33-8826-c899ee1c5d0c}</UniqueIdentifier>
    </Filter>
    <Filter Include="模板界面\旧模板制作界面\考号信息设置窗口">
      <UniqueIdentifier>{0b227f0d-29fd-4ab3-905f-2702d84472f3}</UniqueIdentifier>
    </Filter>
    <Filter Include="模板界面\旧模板制作界面\识别信息修改窗口">
      <UniqueIdentifier>{1973baae-6362-4b11-8fd1-7e6f776b3f91}</UniqueIdentifier>
    </Filter>
    <Filter Include="模板界面\旧模板制作界面\选做题信息设置窗口">
      <UniqueIdentifier>{cf3504bd-5d3d-43a3-a95b-57140293d73c}</UniqueIdentifier>
    </Filter>
    <Filter Include="模板界面\新建模板窗口">
      <UniqueIdentifier>{8c88448f-51e9-41bf-88b2-b8dcfc652cc0}</UniqueIdentifier>
    </Filter>
    <Filter Include="模板界面\考试信息列表">
      <UniqueIdentifier>{cdfb1a2b-cba2-44d4-b252-41bf165ca164}</UniqueIdentifier>
    </Filter>
    <Filter Include="模板界面\新建模板窗口\本地图片选择窗口">
      <UniqueIdentifier>{2390a7a2-83e2-4a02-97aa-afd11edd54b4}</UniqueIdentifier>
    </Filter>
    <Filter Include="模板界面\文字识别确认窗口">
      <UniqueIdentifier>{3abeeb64-8ff5-48c6-aca4-83797c1ed77c}</UniqueIdentifier>
    </Filter>
    <Filter Include="模板界面\下载模板">
      <UniqueIdentifier>{858d0dd6-1279-4ed6-a679-5400e4d700f1}</UniqueIdentifier>
    </Filter>
    <Filter Include="扫描界面窗口\试卷袋导入窗口">
      <UniqueIdentifier>{b7af6cbc-e92e-4cab-bea7-e2686e5da536}</UniqueIdentifier>
    </Filter>
    <Filter Include="扫描界面窗口\试卷袋管理类">
      <UniqueIdentifier>{ef42ae4d-bdea-40da-99f3-373cf8d0b4f9}</UniqueIdentifier>
    </Filter>
    <Filter Include="扫描界面窗口\扫描过程窗口\图像答案识别窗口">
      <UniqueIdentifier>{41a927d8-5442-48e9-acc5-03c3390390d8}</UniqueIdentifier>
    </Filter>
    <Filter Include="定时器">
      <UniqueIdentifier>{c1545ddd-a12e-40e7-b5c7-1901c74531dd}</UniqueIdentifier>
    </Filter>
    <Filter Include="扫描界面窗口\扫描过程窗口\异常处理窗口\多页模式异常处理">
      <UniqueIdentifier>{c90bf60e-402b-49af-a63a-bc9729c3c6b6}</UniqueIdentifier>
    </Filter>
  </ItemGroup>
  <ItemGroup>
    <Text Include="ReadMe.txt" />
  </ItemGroup>
  <ItemGroup>
    <ClInclude Include="stdafx.h">
      <Filter>头文件</Filter>
    </ClInclude>
    <ClInclude Include="targetver.h">
      <Filter>头文件</Filter>
    </ClInclude>
    <ClInclude Include="Resource.h">
      <Filter>头文件</Filter>
    </ClInclude>
    <ClInclude Include="LoginDlg.h">
      <Filter>登录</Filter>
    </ClInclude>
    <ClInclude Include="global.h">
      <Filter>global</Filter>
    </ClInclude>
    <ClInclude Include="MultiPlatform4TYDlg.h">
      <Filter>登录\天喻多平台选项框</Filter>
    </ClInclude>
    <ClInclude Include="MyCodeConvert.h">
      <Filter>转码</Filter>
    </ClInclude>
    <ClInclude Include="CompressThread.h">
      <Filter>线程\解压缩</Filter>
    </ClInclude>
    <ClInclude Include="TcpClient.h">
      <Filter>线程\tcp命令</Filter>
    </ClInclude>
    <ClInclude Include="ZipObj.h">
      <Filter>线程\解压缩</Filter>
    </ClInclude>
    <ClInclude Include="ExamInfoMgrDlg.h">
      <Filter>考试列表窗口列表</Filter>
    </ClInclude>
    <ClInclude Include="..\..\common\md5.h">
      <Filter>common</Filter>
    </ClInclude>
    <ClInclude Include="..\..\common\modelInfo.h">
      <Filter>common</Filter>
    </ClInclude>
    <ClInclude Include="..\..\common\unzip.h">
      <Filter>common</Filter>
    </ClInclude>
    <ClInclude Include="..\..\common\zip.h">
      <Filter>common</Filter>
    </ClInclude>
    <ClInclude Include="ComboBoxExt.h">
      <Filter>控件\下拉列表</Filter>
    </ClInclude>
    <ClInclude Include="ComboBoxExtList.h">
      <Filter>控件\下拉列表</Filter>
    </ClInclude>
    <ClInclude Include="ScanMgrDlg.h">
      <Filter>扫描界面窗口</Filter>
    </ClInclude>
    <ClInclude Include="ScanDlg.h">
      <Filter>扫描界面窗口\扫描开始窗口</Filter>
    </ClInclude>
    <ClInclude Include="..\..\common\Net_Cmd_Protocol.h">
      <Filter>common</Filter>
    </ClInclude>
    <ClInclude Include="RecognizeThread.h">
      <Filter>线程\识别</Filter>
    </ClInclude>
    <ClInclude Include="..\..\include\twain\Common.h">
      <Filter>扫描界面窗口\TWAIN</Filter>
    </ClInclude>
    <ClInclude Include="..\..\include\twain\CommonTWAIN.h">
      <Filter>扫描界面窗口\TWAIN</Filter>
    </ClInclude>
    <ClInclude Include="..\..\include\twain\CTiffWriter.h">
      <Filter>扫描界面窗口\TWAIN</Filter>
    </ClInclude>
    <ClInclude Include="..\..\include\twain\DSMInterface.h">
      <Filter>扫描界面窗口\TWAIN</Filter>
    </ClInclude>
    <ClInclude Include="..\..\include\twain\TwainApp.h">
      <Filter>扫描界面窗口\TWAIN</Filter>
    </ClInclude>
    <ClInclude Include="..\..\include\twain\TwainString.h">
      <Filter>扫描界面窗口\TWAIN</Filter>
    </ClInclude>
    <ClInclude Include="ScanThread.h">
      <Filter>线程\扫描</Filter>
    </ClInclude>
    <ClInclude Include="StudentMgr.h">
      <Filter>报名库管理</Filter>
    </ClInclude>
    <ClInclude Include="minidump.h">
      <Filter>dump</Filter>
    </ClInclude>
    <ClInclude Include="ScanTool3.h">
      <Filter>头文件</Filter>
    </ClInclude>
    <ClInclude Include="ScanTool3Dlg.h">
      <Filter>头文件</Filter>
    </ClInclude>
    <ClInclude Include="SingleExamDlg.h">
      <Filter>考试列表窗口列表\单项考试列表窗口</Filter>
    </ClInclude>
    <ClInclude Include="WaitDownloadDlg.h">
      <Filter>扫描界面窗口\下载报名库和模板等待窗口</Filter>
    </ClInclude>
    <ClInclude Include="ScanProcessDlg.h">
      <Filter>扫描界面窗口\扫描过程窗口</Filter>
    </ClInclude>
    <ClInclude Include="XListCtrl\AdvComboBox.h">
      <Filter>控件\XList</Filter>
    </ClInclude>
    <ClInclude Include="XListCtrl\AdvComboEdit.h">
      <Filter>控件\XList</Filter>
    </ClInclude>
    <ClInclude Include="XListCtrl\DropListBox.h">
      <Filter>控件\XList</Filter>
    </ClInclude>
    <ClInclude Include="XListCtrl\DropScrollBar.h">
      <Filter>控件\XList</Filter>
    </ClInclude>
    <ClInclude Include="XListCtrl\DropWnd.h">
      <Filter>控件\XList</Filter>
    </ClInclude>
    <ClInclude Include="XListCtrl\SortCStringArray.h">
      <Filter>控件\XList</Filter>
    </ClInclude>
    <ClInclude Include="XListCtrl\VisualStylesXP.h">
      <Filter>控件\XList</Filter>
    </ClInclude>
    <ClInclude Include="XListCtrl\XCombo.h">
      <Filter>控件\XList</Filter>
    </ClInclude>
    <ClInclude Include="XListCtrl\XComboList.h">
      <Filter>控件\XList</Filter>
    </ClInclude>
    <ClInclude Include="XListCtrl\XEdit.h">
      <Filter>控件\XList</Filter>
    </ClInclude>
    <ClInclude Include="XListCtrl\XHeaderCtrl.h">
      <Filter>控件\XList</Filter>
    </ClInclude>
    <ClInclude Include="XListCtrl\XListCtrl.h">
      <Filter>控件\XList</Filter>
    </ClInclude>
    <ClInclude Include="XListCtrl\XListMemDC.h">
      <Filter>控件\XList</Filter>
    </ClInclude>
    <ClInclude Include="XListCtrl\XTrace.h">
      <Filter>控件\XList</Filter>
    </ClInclude>
    <ClInclude Include="ScanReminderDlg.h">
      <Filter>扫描界面窗口\扫描过程窗口\扫描中状态窗口</Filter>
    </ClInclude>
    <ClInclude Include="ShowPicDlg.h">
      <Filter>扫描界面窗口\扫描过程窗口\图像显示窗口</Filter>
    </ClInclude>
    <ClInclude Include="picCtrl\CV_picture.h">
      <Filter>控件\图片显示</Filter>
    </ClInclude>
    <ClInclude Include="picCtrl\CvvImage.h">
      <Filter>控件\图片显示</Filter>
    </ClInclude>
    <ClInclude Include="PicShow.h">
      <Filter>控件\图片显示</Filter>
    </ClInclude>
    <ClInclude Include="ScanBmkRecordDlg.h">
      <Filter>扫描界面窗口\扫描记录查询窗口</Filter>
    </ClInclude>
    <ClInclude Include="PkgRecordDlg.h">
      <Filter>扫描界面窗口\扫描记录查询窗口</Filter>
    </ClInclude>
    <ClInclude Include="ScanRecordMgrDlg.h">
      <Filter>扫描界面窗口\扫描记录查询窗口</Filter>
    </ClInclude>
    <ClInclude Include="BmpButton.h">
      <Filter>控件\按钮</Filter>
    </ClInclude>
    <ClInclude Include="IconEdit.h">
      <Filter>控件\iconEdit</Filter>
    </ClInclude>
    <ClInclude Include="ctrl\skinscrollbar.h">
      <Filter>控件\scrollbar</Filter>
    </ClInclude>
    <ClInclude Include="ctrl\skinscrollwnd.h">
      <Filter>控件\scrollbar</Filter>
    </ClInclude>
    <ClInclude Include="ModifyZkzhDlg.h">
      <Filter>扫描界面窗口\扫描过程窗口\异常处理窗口</Filter>
    </ClInclude>
    <ClInclude Include="VagueSearchDlg.h">
      <Filter>扫描界面窗口\扫描过程窗口\异常处理窗口\搜索窗口</Filter>
    </ClInclude>
    <ClInclude Include="ctrl\XPGroupBox.h">
      <Filter>控件\group</Filter>
    </ClInclude>
    <ClInclude Include="FileUpLoad.h">
      <Filter>线程\文件上传</Filter>
    </ClInclude>
    <ClInclude Include="SendFileThread.h">
      <Filter>线程\文件上传</Filter>
    </ClInclude>
    <ClInclude Include="Thread.h">
      <Filter>线程\文件上传</Filter>
    </ClInclude>
    <ClInclude Include="ctrl\TransparentStatic.h">
      <Filter>控件\杂</Filter>
    </ClInclude>
    <ClInclude Include="StudentDef.h">
      <Filter>报名库管理</Filter>
    </ClInclude>
    <ClInclude Include="ExamBmkRecordDlg.h">
      <Filter>扫描界面窗口\扫描记录查询窗口</Filter>
    </ClInclude>
    <ClInclude Include="NewMessageBox.h">
      <Filter>控件\提示窗口</Filter>
    </ClInclude>
    <ClInclude Include="TipBaseDlg.h">
      <Filter>控件\基础窗口</Filter>
    </ClInclude>
    <ClInclude Include="ScanModelPaperDlg.h">
      <Filter>模板界面\扫描题卡</Filter>
    </ClInclude>
    <ClInclude Include="NewModelDlg.h">
      <Filter>模板界面\模板制作界面</Filter>
    </ClInclude>
    <ClInclude Include="NewMakeModelDlg.h">
      <Filter>模板界面</Filter>
    </ClInclude>
    <ClInclude Include="MakeModelDlg.h">
      <Filter>模板界面\旧模板制作界面</Filter>
    </ClInclude>
    <ClInclude Include="THSetDlg.h">
      <Filter>模板界面\旧模板制作界面\OMR题号设置窗口</Filter>
    </ClInclude>
    <ClInclude Include="OmrInfoDlg.h">
      <Filter>模板界面\旧模板制作界面\OMR选项设置</Filter>
    </ClInclude>
    <ClInclude Include="ModelSaveDlg.h">
      <Filter>模板界面\旧模板制作界面\保存模板窗口</Filter>
    </ClInclude>
    <ClInclude Include="ModelInfoDlg.h">
      <Filter>模板界面\旧模板制作界面\创建新模板信息填写窗口</Filter>
    </ClInclude>
    <ClInclude Include="SNInfoSetDlg.h">
      <Filter>模板界面\旧模板制作界面\考号信息设置窗口</Filter>
    </ClInclude>
    <ClInclude Include="RecogInfoDlg.h">
      <Filter>模板界面\旧模板制作界面\识别信息修改窗口</Filter>
    </ClInclude>
    <ClInclude Include="ElectOmrDlg.h">
      <Filter>模板界面\旧模板制作界面\选做题信息设置窗口</Filter>
    </ClInclude>
    <ClInclude Include="OmrRecog.h">
      <Filter>线程\识别</Filter>
    </ClInclude>
    <ClInclude Include="CreateModelDlg.h">
      <Filter>模板界面\新建模板窗口</Filter>
    </ClInclude>
    <ClInclude Include="ExamInfoDlg.h">
      <Filter>模板界面\考试信息列表</Filter>
    </ClInclude>
    <ClInclude Include="LocalPicSelDlg.h">
      <Filter>模板界面\新建模板窗口\本地图片选择窗口</Filter>
    </ClInclude>
    <ClInclude Include="MyVersion.h">
      <Filter>global</Filter>
    </ClInclude>
    <ClInclude Include="RecogCharacterDlg.h">
      <Filter>模板界面\文字识别确认窗口</Filter>
    </ClInclude>
    <ClInclude Include="MinimumBoundingPolygon.h">
      <Filter>线程\识别</Filter>
    </ClInclude>
    <ClInclude Include="AdanceSetMgrDlg.h">
      <Filter>模板界面\旧模板制作界面\高级参数设置</Filter>
    </ClInclude>
    <ClInclude Include="RecogParamSetDlg.h">
      <Filter>模板界面\旧模板制作界面\高级参数设置</Filter>
    </ClInclude>
    <ClInclude Include="BaseTabDlg.h">
      <Filter>模板界面\旧模板制作界面\高级参数设置</Filter>
    </ClInclude>
    <ClInclude Include="ScanParamSetDlg.h">
      <Filter>模板界面\旧模板制作界面\高级参数设置</Filter>
    </ClInclude>
    <ClInclude Include="GetModelDlg.h">
      <Filter>模板界面\下载模板</Filter>
    </ClInclude>
    <ClInclude Include="PaperInputDlg.h">
      <Filter>扫描界面窗口\试卷袋导入窗口</Filter>
    </ClInclude>
    <ClInclude Include="PapersMgr.h">
      <Filter>扫描界面窗口\试卷袋管理类</Filter>
    </ClInclude>
    <ClInclude Include="AnswerShowDlg.h">
      <Filter>扫描界面窗口\扫描过程窗口\图像答案识别窗口</Filter>
    </ClInclude>
    <ClInclude Include="KeepAliveTimer.h">
      <Filter>定时器</Filter>
    </ClInclude>
    <ClInclude Include="MultiPageExceptionDlg.h">
      <Filter>扫描界面窗口\扫描过程窗口\异常处理窗口\多页模式异常处理</Filter>
    </ClInclude>
  </ItemGroup>
  <ItemGroup>
    <ClCompile Include="stdafx.cpp">
      <Filter>源文件</Filter>
    </ClCompile>
    <ClCompile Include="LoginDlg.cpp">
      <Filter>登录</Filter>
    </ClCompile>
    <ClCompile Include="global.cpp">
      <Filter>global</Filter>
    </ClCompile>
    <ClCompile Include="MultiPlatform4TYDlg.cpp">
      <Filter>登录\天喻多平台选项框</Filter>
    </ClCompile>
    <ClCompile Include="MyCodeConvert.cpp">
      <Filter>转码</Filter>
    </ClCompile>
    <ClCompile Include="CompressThread.cpp">
      <Filter>线程\解压缩</Filter>
    </ClCompile>
    <ClCompile Include="TcpClient.cpp">
      <Filter>线程\tcp命令</Filter>
    </ClCompile>
    <ClCompile Include="ZipObj.cpp">
      <Filter>线程\解压缩</Filter>
    </ClCompile>
    <ClCompile Include="ExamInfoMgrDlg.cpp">
      <Filter>考试列表窗口列表</Filter>
    </ClCompile>
    <ClCompile Include="..\..\common\md5.cpp">
      <Filter>common</Filter>
    </ClCompile>
    <ClCompile Include="..\..\common\unzip.cpp">
      <Filter>common</Filter>
    </ClCompile>
    <ClCompile Include="..\..\common\zip.cpp">
      <Filter>common</Filter>
    </ClCompile>
    <ClCompile Include="ComboBoxExt.cpp">
      <Filter>控件\下拉列表</Filter>
    </ClCompile>
    <ClCompile Include="ComboBoxExtList.cpp">
      <Filter>控件\下拉列表</Filter>
    </ClCompile>
    <ClCompile Include="ScanMgrDlg.cpp">
      <Filter>扫描界面窗口</Filter>
    </ClCompile>
    <ClCompile Include="ScanDlg.cpp">
      <Filter>扫描界面窗口\扫描开始窗口</Filter>
    </ClCompile>
    <ClCompile Include="RecognizeThread.cpp">
      <Filter>线程\识别</Filter>
    </ClCompile>
    <ClCompile Include="..\..\include\twain\CommonTWAIN.cpp">
      <Filter>扫描界面窗口\TWAIN</Filter>
    </ClCompile>
    <ClCompile Include="..\..\include\twain\CTiffWriter.cpp">
      <Filter>扫描界面窗口\TWAIN</Filter>
    </ClCompile>
    <ClCompile Include="..\..\include\twain\DSMInterface.cpp">
      <Filter>扫描界面窗口\TWAIN</Filter>
    </ClCompile>
    <ClCompile Include="..\..\include\twain\TwainApp.cpp">
      <Filter>扫描界面窗口\TWAIN</Filter>
    </ClCompile>
    <ClCompile Include="..\..\include\twain\TwainString.cpp">
      <Filter>扫描界面窗口\TWAIN</Filter>
    </ClCompile>
    <ClCompile Include="..\..\include\twain\VerifySignature.cpp">
      <Filter>扫描界面窗口\TWAIN</Filter>
    </ClCompile>
    <ClCompile Include="ScanThread.cpp">
      <Filter>线程\扫描</Filter>
    </ClCompile>
    <ClCompile Include="StudentMgr.cpp">
      <Filter>报名库管理</Filter>
    </ClCompile>
    <ClCompile Include="ScanTool3Dlg.cpp">
      <Filter>源文件</Filter>
    </ClCompile>
    <ClCompile Include="ScanTool3.cpp">
      <Filter>源文件</Filter>
    </ClCompile>
    <ClCompile Include="SingleExamDlg.cpp">
      <Filter>考试列表窗口列表\单项考试列表窗口</Filter>
    </ClCompile>
    <ClCompile Include="WaitDownloadDlg.cpp">
      <Filter>扫描界面窗口\下载报名库和模板等待窗口</Filter>
    </ClCompile>
    <ClCompile Include="ScanProcessDlg.cpp">
      <Filter>扫描界面窗口\扫描过程窗口</Filter>
    </ClCompile>
    <ClCompile Include="XListCtrl\AdvComboBox.cpp">
      <Filter>控件\XList</Filter>
    </ClCompile>
    <ClCompile Include="XListCtrl\AdvComboEdit.cpp">
      <Filter>控件\XList</Filter>
    </ClCompile>
    <ClCompile Include="XListCtrl\DropListBox.cpp">
      <Filter>控件\XList</Filter>
    </ClCompile>
    <ClCompile Include="XListCtrl\DropScrollBar.cpp">
      <Filter>控件\XList</Filter>
    </ClCompile>
    <ClCompile Include="XListCtrl\DropWnd.cpp">
      <Filter>控件\XList</Filter>
    </ClCompile>
    <ClCompile Include="XListCtrl\VisualStylesXP.cpp">
      <Filter>控件\XList</Filter>
    </ClCompile>
    <ClCompile Include="XListCtrl\XCombo.cpp">
      <Filter>控件\XList</Filter>
    </ClCompile>
    <ClCompile Include="XListCtrl\XComboList.cpp">
      <Filter>控件\XList</Filter>
    </ClCompile>
    <ClCompile Include="XListCtrl\XEdit.cpp">
      <Filter>控件\XList</Filter>
    </ClCompile>
    <ClCompile Include="XListCtrl\XHeaderCtrl.cpp">
      <Filter>控件\XList</Filter>
    </ClCompile>
    <ClCompile Include="XListCtrl\XListCtrl.cpp">
      <Filter>控件\XList</Filter>
    </ClCompile>
    <ClCompile Include="ScanReminderDlg.cpp">
      <Filter>扫描界面窗口\扫描过程窗口\扫描中状态窗口</Filter>
    </ClCompile>
    <ClCompile Include="ShowPicDlg.cpp">
      <Filter>扫描界面窗口\扫描过程窗口\图像显示窗口</Filter>
    </ClCompile>
    <ClCompile Include="picCtrl\CV_picture.cpp">
      <Filter>控件\图片显示</Filter>
    </ClCompile>
    <ClCompile Include="picCtrl\CvvImage.cpp">
      <Filter>控件\图片显示</Filter>
    </ClCompile>
    <ClCompile Include="PicShow.cpp">
      <Filter>控件\图片显示</Filter>
    </ClCompile>
    <ClCompile Include="ScanBmkRecordDlg.cpp">
      <Filter>扫描界面窗口\扫描记录查询窗口</Filter>
    </ClCompile>
    <ClCompile Include="PkgRecordDlg.cpp">
      <Filter>扫描界面窗口\扫描记录查询窗口</Filter>
    </ClCompile>
    <ClCompile Include="ScanRecordMgrDlg.cpp">
      <Filter>扫描界面窗口\扫描记录查询窗口</Filter>
    </ClCompile>
    <ClCompile Include="BmpButton.cpp">
      <Filter>控件\按钮</Filter>
    </ClCompile>
    <ClCompile Include="IconEdit.cpp">
      <Filter>控件\iconEdit</Filter>
    </ClCompile>
    <ClCompile Include="ctrl\skinscrollbar.cpp">
      <Filter>控件\scrollbar</Filter>
    </ClCompile>
    <ClCompile Include="ctrl\skinscrollwnd.cpp">
      <Filter>控件\scrollbar</Filter>
    </ClCompile>
    <ClCompile Include="ModifyZkzhDlg.cpp">
      <Filter>扫描界面窗口\扫描过程窗口\异常处理窗口</Filter>
    </ClCompile>
    <ClCompile Include="VagueSearchDlg.cpp">
      <Filter>扫描界面窗口\扫描过程窗口\异常处理窗口\搜索窗口</Filter>
    </ClCompile>
    <ClCompile Include="ctrl\XPGroupBox.cpp">
      <Filter>控件\group</Filter>
    </ClCompile>
    <ClCompile Include="FileUpLoad.cpp">
      <Filter>线程\文件上传</Filter>
    </ClCompile>
    <ClCompile Include="SendFileThread.cpp">
      <Filter>线程\文件上传</Filter>
    </ClCompile>
    <ClCompile Include="Thread.cpp">
      <Filter>线程\文件上传</Filter>
    </ClCompile>
    <ClCompile Include="ctrl\TransparentStatic.cpp">
      <Filter>控件\杂</Filter>
    </ClCompile>
    <ClCompile Include="ExamBmkRecordDlg.cpp">
      <Filter>扫描界面窗口\扫描记录查询窗口</Filter>
    </ClCompile>
    <ClCompile Include="TipBaseDlg.cpp">
      <Filter>控件\基础窗口</Filter>
    </ClCompile>
    <ClCompile Include="NewMessageBox.cpp">
      <Filter>控件\提示窗口</Filter>
    </ClCompile>
    <ClCompile Include="ScanModelPaperDlg.cpp">
      <Filter>模板界面\扫描题卡</Filter>
    </ClCompile>
    <ClCompile Include="NewModelDlg.cpp">
      <Filter>模板界面\模板制作界面</Filter>
    </ClCompile>
    <ClCompile Include="NewMakeModelDlg.cpp">
      <Filter>模板界面</Filter>
    </ClCompile>
    <ClCompile Include="MakeModelDlg.cpp">
      <Filter>模板界面\旧模板制作界面</Filter>
    </ClCompile>
    <ClCompile Include="THSetDlg.cpp">
      <Filter>模板界面\旧模板制作界面\OMR题号设置窗口</Filter>
    </ClCompile>
    <ClCompile Include="OmrInfoDlg.cpp">
      <Filter>模板界面\旧模板制作界面\OMR选项设置</Filter>
    </ClCompile>
    <ClCompile Include="ModelSaveDlg.cpp">
      <Filter>模板界面\旧模板制作界面\保存模板窗口</Filter>
    </ClCompile>
    <ClCompile Include="ModelInfoDlg.cpp">
      <Filter>模板界面\旧模板制作界面\创建新模板信息填写窗口</Filter>
    </ClCompile>
    <ClCompile Include="SNInfoSetDlg.cpp">
      <Filter>模板界面\旧模板制作界面\考号信息设置窗口</Filter>
    </ClCompile>
    <ClCompile Include="RecogInfoDlg.cpp">
      <Filter>模板界面\旧模板制作界面\识别信息修改窗口</Filter>
    </ClCompile>
    <ClCompile Include="ElectOmrDlg.cpp">
      <Filter>模板界面\旧模板制作界面\选做题信息设置窗口</Filter>
    </ClCompile>
    <ClCompile Include="OmrRecog.cpp">
      <Filter>线程\识别</Filter>
    </ClCompile>
    <ClCompile Include="CreateModelDlg.cpp">
      <Filter>模板界面\新建模板窗口</Filter>
    </ClCompile>
    <ClCompile Include="ExamInfoDlg.cpp">
      <Filter>模板界面\考试信息列表</Filter>
    </ClCompile>
    <ClCompile Include="LocalPicSelDlg.cpp">
      <Filter>模板界面\新建模板窗口\本地图片选择窗口</Filter>
    </ClCompile>
    <ClCompile Include="RecogCharacterDlg.cpp">
      <Filter>模板界面\文字识别确认窗口</Filter>
    </ClCompile>
    <ClCompile Include="AdanceSetMgrDlg.cpp">
      <Filter>模板界面\旧模板制作界面\高级参数设置</Filter>
    </ClCompile>
    <ClCompile Include="RecogParamSetDlg.cpp">
      <Filter>模板界面\旧模板制作界面\高级参数设置</Filter>
    </ClCompile>
    <ClCompile Include="ScanParamSetDlg.cpp">
      <Filter>模板界面\旧模板制作界面\高级参数设置</Filter>
    </ClCompile>
    <ClCompile Include="GetModelDlg.cpp">
      <Filter>模板界面\下载模板</Filter>
    </ClCompile>
    <ClCompile Include="PaperInputDlg.cpp">
      <Filter>扫描界面窗口\试卷袋导入窗口</Filter>
    </ClCompile>
    <ClCompile Include="PapersMgr.cpp">
      <Filter>扫描界面窗口\试卷袋管理类</Filter>
    </ClCompile>
    <ClCompile Include="AnswerShowDlg.cpp">
      <Filter>扫描界面窗口\扫描过程窗口\图像答案识别窗口</Filter>
    </ClCompile>
    <ClCompile Include="MultiPageExceptionDlg.cpp">
      <Filter>扫描界面窗口\扫描过程窗口\异常处理窗口\多页模式异常处理</Filter>
    </ClCompile>
  </ItemGroup>
  <ItemGroup>
    <None Include="res\ScanTool3.rc2">
      <Filter>资源文件</Filter>
    </None>
  </ItemGroup>
  <ItemGroup>
    <ResourceCompile Include="ScanTool3.rc">
      <Filter>资源文件</Filter>
    </ResourceCompile>
  </ItemGroup>
  <ItemGroup>
    <Image Include="res\ScanTool3.ico">
      <Filter>资源文件</Filter>
    </Image>
    <Image Include="XListCtrl\checkboxes.bmp">
      <Filter>控件\XList</Filter>
    </Image>
    <Image Include="skin\login\登录按钮.bmp">
      <Filter>资源文件</Filter>
    </Image>
    <Image Include="skin\login\登录背景.bmp">
      <Filter>资源文件</Filter>
    </Image>
    <Image Include="skin\login\关闭.bmp">
      <Filter>资源文件</Filter>
    </Image>
    <Image Include="skin\login\最小化.bmp">
      <Filter>资源文件</Filter>
    </Image>
    <Image Include="skin\login\顶部.bmp">
      <Filter>资源文件</Filter>
    </Image>
    <Image Include="skin\login\用户.ico">
      <Filter>资源文件</Filter>
    </Image>
    <Image Include="skin\login\密码.ico">
      <Filter>资源文件</Filter>
    </Image>
    <Image Include="res\icon1.ico">
      <Filter>资源文件</Filter>
    </Image>
    <Image Include="skin\login\登录按钮_hover.bmp">
      <Filter>资源文件</Filter>
    </Image>
    <Image Include="skin\login\关闭_hover.bmp">
      <Filter>资源文件</Filter>
    </Image>
    <Image Include="skin\login\最小化_hover.bmp">
      <Filter>资源文件</Filter>
    </Image>
    <Image Include="skin\login\bitmap1.bmp">
      <Filter>资源文件</Filter>
    </Image>
    <Image Include="skin\examList\1_01_01.bmp">
      <Filter>资源文件</Filter>
    </Image>
    <Image Include="skin\examList\1_02.bmp">
      <Filter>资源文件</Filter>
    </Image>
    <Image Include="skin\examList\1_04_03.bmp">
      <Filter>资源文件</Filter>
    </Image>
    <Image Include="skin\examList\1_04_03hover.bmp">
      <Filter>资源文件</Filter>
    </Image>
    <Image Include="skin\examList\1_04_04.bmp">
      <Filter>资源文件</Filter>
    </Image>
    <Image Include="skin\examList\1_04_04hover.bmp">
      <Filter>资源文件</Filter>
    </Image>
    <Image Include="skin\examList\2_03.bmp">
      <Filter>资源文件</Filter>
    </Image>
    <Image Include="skin\examList\3_03.bmp">
      <Filter>资源文件</Filter>
    </Image>
    <Image Include="skin\examList\3_03hover.bmp">
      <Filter>资源文件</Filter>
    </Image>
    <Image Include="skin\examList\4_03.bmp">
      <Filter>资源文件</Filter>
    </Image>
    <Image Include="skin\examList\4_03hover.bmp">
      <Filter>资源文件</Filter>
    </Image>
    <Image Include="skin\examList\4_10.bmp">
      <Filter>资源文件</Filter>
    </Image>
    <Image Include="skin\examList\4_10hover.bmp">
      <Filter>资源文件</Filter>
    </Image>
    <Image Include="skin\examList\title1.bmp">
      <Filter>资源文件</Filter>
    </Image>
    <Image Include="skin\examList\title2.bmp">
      <Filter>资源文件</Filter>
    </Image>
    <Image Include="skin\scanMgr\1_03.bmp">
      <Filter>资源文件</Filter>
    </Image>
    <Image Include="skin\scanMgr\1_03hover.bmp">
      <Filter>资源文件</Filter>
    </Image>
    <Image Include="skin\scanMgr\1_01.bmp">
      <Filter>资源文件</Filter>
    </Image>
    <Image Include="skin\scanMgr\1_10.bmp">
      <Filter>资源文件</Filter>
    </Image>
    <Image Include="skin\scanMgr\1_10hover.bmp">
      <Filter>资源文件</Filter>
    </Image>
    <Image Include="skin\scanMgr\1_02.bmp">
      <Filter>资源文件</Filter>
    </Image>
    <Image Include="skin\scanMgr\1_06.bmp">
      <Filter>资源文件</Filter>
    </Image>
    <Image Include="skin\scanMgr\1_06hover.bmp">
      <Filter>资源文件</Filter>
    </Image>
    <Image Include="skin\scanMgr\1_09.bmp">
      <Filter>资源文件</Filter>
    </Image>
    <Image Include="skin\scanMgr\1_09hover.bmp">
      <Filter>资源文件</Filter>
    </Image>
    <Image Include="skin\scanMgr\scrollbar.bmp">
      <Filter>资源文件</Filter>
    </Image>
    <Image Include="skin\recordDlg\tabclick.bmp">
      <Filter>资源文件</Filter>
    </Image>
    <Image Include="skin\recordDlg\tabnormal.bmp">
      <Filter>资源文件</Filter>
    </Image>
    <Image Include="skin\recordDlg\tabover.bmp">
      <Filter>资源文件</Filter>
    </Image>
    <Image Include="skin\recordDlg\第1页hover.bmp">
      <Filter>资源文件</Filter>
    </Image>
    <Image Include="skin\recordDlg\第2页.bmp">
      <Filter>资源文件</Filter>
    </Image>
    <Image Include="skin\recordDlg\第1页.bmp">
      <Filter>资源文件</Filter>
    </Image>
    <Image Include="skin\scanMgr\dowmload.bmp">
      <Filter>资源文件</Filter>
    </Image>
    <Image Include="skin\scanMgr\scanning.bmp">
      <Filter>资源文件</Filter>
    </Image>
    <Image Include="..\..\wpf界面\ScanTool\nostudent.bmp">
      <Filter>资源文件</Filter>
    </Image>
    <Image Include="..\..\wpf界面\ScanTool\notemplate.bmp">
      <Filter>资源文件</Filter>
    </Image>
    <Image Include="skin\popup\nostudent.bmp">
      <Filter>资源文件</Filter>
    </Image>
    <Image Include="skin\popup\notemplate.bmp">
      <Filter>资源文件</Filter>
    </Image>
    <Image Include="skin\popup\btn_hover.bmp">
      <Filter>资源文件</Filter>
    </Image>
    <Image Include="skin\popup\btn_normal.bmp">
      <Filter>资源文件</Filter>
    </Image>
    <Image Include="skin\examList\hand1.bmp">
      <Filter>资源文件</Filter>
    </Image>
    <Image Include="skin\examList\net1.bmp">
      <Filter>资源文件</Filter>
    </Image>
    <Image Include="skin\makeModel\download_down.bmp">
      <Filter>资源文件</Filter>
    </Image>
    <Image Include="skin\makeModel\download_normal.bmp">
      <Filter>资源文件</Filter>
    </Image>
    <Image Include="skin\makeModel\save_down.bmp">
      <Filter>资源文件</Filter>
    </Image>
    <Image Include="skin\makeModel\save_normal.bmp">
      <Filter>资源文件</Filter>
    </Image>
    <Image Include="skin\makeModel\scan_down.bmp">
      <Filter>资源文件</Filter>
    </Image>
    <Image Include="skin\makeModel\scan_normal.bmp">
      <Filter>资源文件</Filter>
    </Image>
    <Image Include="skin\makeModel\upload_down.bmp">
      <Filter>资源文件</Filter>
    </Image>
    <Image Include="skin\makeModel\upload_normal.bmp">
      <Filter>资源文件</Filter>
    </Image>
    <Image Include="skin\makeModel\close_down.bmp">
      <Filter>资源文件</Filter>
    </Image>
    <Image Include="skin\makeModel\close_normal.bmp">
      <Filter>资源文件</Filter>
    </Image>
    <Image Include="skin\makeModel\btn_down.bmp">
      <Filter>资源文件</Filter>
    </Image>
    <Image Include="skin\makeModel\btn_normal.bmp">
      <Filter>资源文件</Filter>
    </Image>
    <Image Include="skin\examList\page首页.bmp">
      <Filter>资源文件</Filter>
    </Image>
    <Image Include="skin\examList\首页hover.bmp">
      <Filter>资源文件</Filter>
    </Image>
    <Image Include="skin\makeModel\treeleaf.bmp">
      <Filter>资源文件</Filter>
    </Image>
    <Image Include="skin\makeModel\treeNode.bmp">
      <Filter>资源文件</Filter>
    </Image>
    <Image Include="skin\popup\succeed.bmp">
      <Filter>资源文件</Filter>
    </Image>
    <Image Include="skin\makeModel\new_down.bmp">
      <Filter>资源文件</Filter>
    </Image>
    <Image Include="skin\makeModel\new_normal.bmp">
      <Filter>资源文件</Filter>
    </Image>
  </ItemGroup>
</Project>