<?xml version="1.0" encoding="utf-8"?>
<Project ToolsVersion="4.0" xmlns="http://schemas.microsoft.com/developer/msbuild/2003">
  <ItemGroup>
    <Filter Include="源文件">
      <UniqueIdentifier>{4FC737F1-C7A5-4376-A066-2A32D752A2FF}</UniqueIdentifier>
      <Extensions>cpp;c;cc;cxx;def;odl;idl;hpj;bat;asm;asmx</Extensions>
    </Filter>
    <Filter Include="头文件">
      <UniqueIdentifier>{93995380-89BD-4b04-88EB-625FBE52EBFB}</UniqueIdentifier>
      <Extensions>h;hh;hpp;hxx;hm;inl;inc;xsd</Extensions>
    </Filter>
    <Filter Include="资源文件">
      <UniqueIdentifier>{67DA6AB6-F800-4c08-8B7A-83BB121AAD01}</UniqueIdentifier>
      <Extensions>rc;ico;cur;bmp;dlg;rc2;rct;bin;rgs;gif;jpg;jpeg;jpe;resx;tiff;tif;png;wav;mfcribbon-ms</Extensions>
    </Filter>
    <Filter Include="图片控件">
      <UniqueIdentifier>{583c6279-f862-4891-b62a-946add9e1e73}</UniqueIdentifier>
    </Filter>
    <Filter Include="global">
      <UniqueIdentifier>{8f1f0a37-c5c2-4a2f-abcf-5d41f0eff52a}</UniqueIdentifier>
    </Filter>
    <Filter Include="common">
      <UniqueIdentifier>{dd01017a-fb2c-4ce8-9904-890350235ea7}</UniqueIdentifier>
    </Filter>
    <Filter Include="转码">
      <UniqueIdentifier>{3c8736bb-b94e-4cf8-810b-e5f0ebb26be1}</UniqueIdentifier>
    </Filter>
    <Filter Include="识别任务处理线程">
      <UniqueIdentifier>{31436858-9f4c-460b-9157-d6f1278744a1}</UniqueIdentifier>
    </Filter>
    <Filter Include="试卷导入窗口">
      <UniqueIdentifier>{75fde2f7-e39a-443e-907a-403dfea8c098}</UniqueIdentifier>
    </Filter>
    <Filter Include="BMP与IPLImage互转%28暂不用%29">
      <UniqueIdentifier>{0593bcd7-b2fa-4e64-a26e-94adc76e7b46}</UniqueIdentifier>
    </Filter>
    <Filter Include="扫描仪控制">
      <UniqueIdentifier>{5015c408-94d6-41cb-856e-1520a2a8dfc2}</UniqueIdentifier>
    </Filter>
    <Filter Include="试卷袋信息保存">
      <UniqueIdentifier>{84d141b9-3cf7-4e0d-b374-2af94e5bef7c}</UniqueIdentifier>
    </Filter>
    <Filter Include="扫描参数控制窗口">
      <UniqueIdentifier>{7425e5fc-435d-453e-9c69-4c7575ecac8c}</UniqueIdentifier>
    </Filter>
    <Filter Include="文件上传">
      <UniqueIdentifier>{fc4984e4-e9e5-456d-a617-8d12928e96b5}</UniqueIdentifier>
    </Filter>
    <Filter Include="登录">
      <UniqueIdentifier>{47d6fe8f-ddb1-4e95-a27f-ed8c72e64688}</UniqueIdentifier>
    </Filter>
    <Filter Include="与服务器通信线程">
      <UniqueIdentifier>{8341413f-712b-41aa-a409-494f7fbc3e6d}</UniqueIdentifier>
    </Filter>
    <Filter Include="dump">
      <UniqueIdentifier>{17f87518-1d96-41f6-8047-c6de675e9ea7}</UniqueIdentifier>
    </Filter>
    <Filter Include="模板信息显示窗口">
      <UniqueIdentifier>{e93232b8-0a2e-4016-8353-5e98f305b12d}</UniqueIdentifier>
    </Filter>
    <Filter Include="模板管理窗口">
      <UniqueIdentifier>{044f69cb-8fde-4362-a5e5-5352c4874b09}</UniqueIdentifier>
    </Filter>
    <Filter Include="文件传输显示窗口">
      <UniqueIdentifier>{dec69c08-3808-49af-8a27-bc66c8cc8685}</UniqueIdentifier>
    </Filter>
    <Filter Include="扫描员信息窗口">
      <UniqueIdentifier>{48caa546-e825-4802-97fd-692843950200}</UniqueIdentifier>
    </Filter>
    <Filter Include="模板管理窗口\下载扫描模板窗口">
      <UniqueIdentifier>{e302b5d5-8d9b-48ff-8469-8a05d7e6ff86}</UniqueIdentifier>
    </Filter>
    <Filter Include="%2a%2a%2a%2a%2a%2a%2a主引导界面%2a%2a%2a%2a%2a%2a%2a%2a%2a">
      <UniqueIdentifier>{e08696e7-2110-4acd-96bd-7739a7b25859}</UniqueIdentifier>
    </Filter>
    <Filter Include="参数设置界面">
      <UniqueIdentifier>{652d5421-bd3c-4cc2-8cc5-c847d1911f6c}</UniqueIdentifier>
    </Filter>
    <Filter Include="考试信息子窗口">
      <UniqueIdentifier>{25d938c8-96ea-47b1-ab95-c11342fb75da}</UniqueIdentifier>
    </Filter>
    <Filter Include="模板制作窗口%2a%2a%2a">
      <UniqueIdentifier>{39d72771-e9d2-4d6a-885c-2e58ed4f3689}</UniqueIdentifier>
    </Filter>
    <Filter Include="模板制作窗口%2a%2a%2a\创建新模板信息填写窗口">
      <UniqueIdentifier>{3113cb7f-ec76-432a-83c1-3b37bf5c445e}</UniqueIdentifier>
    </Filter>
    <Filter Include="模板制作窗口%2a%2a%2a\保存模板窗口">
      <UniqueIdentifier>{adf0ac50-7445-4197-9b13-f8645af11156}</UniqueIdentifier>
    </Filter>
    <Filter Include="模板制作窗口%2a%2a%2a\识别信息修改窗口">
      <UniqueIdentifier>{2ecd734b-3cb9-4680-9fb9-65957af955f8}</UniqueIdentifier>
    </Filter>
    <Filter Include="模板制作窗口%2a%2a%2a\OMR选项设置">
      <UniqueIdentifier>{683cc0ab-0015-48f9-adba-f720375c5d52}</UniqueIdentifier>
    </Filter>
    <Filter Include="模板制作窗口%2a%2a%2a\OMR选项设置\OMR图片">
      <UniqueIdentifier>{e0dd8ce9-fd89-4600-afa8-1f9fc61c231c}</UniqueIdentifier>
    </Filter>
    <Filter Include="模板制作窗口%2a%2a%2a\OMR题号设置窗口">
      <UniqueIdentifier>{8a883f38-b88f-4cde-b8b4-ab19cac51f22}</UniqueIdentifier>
    </Filter>
    <Filter Include="模板制作窗口%2a%2a%2a\考号信息设置窗口">
      <UniqueIdentifier>{f5a93192-21a1-475b-88da-77896c6eab7f}</UniqueIdentifier>
    </Filter>
    <Filter Include="pdf转jpg">
      <UniqueIdentifier>{7725052b-edd6-4873-87a1-2026e2ad570d}</UniqueIdentifier>
    </Filter>
    <Filter Include="模板制作窗口%2a%2a%2a\选做题信息设置窗口">
      <UniqueIdentifier>{5adb2dbd-7544-4b61-b7bb-5db388e88263}</UniqueIdentifier>
    </Filter>
    <Filter Include="解压缩">
      <UniqueIdentifier>{e55841e4-0bda-49ea-8fab-0481fd5a6a59}</UniqueIdentifier>
    </Filter>
    <Filter Include="下拉列表">
      <UniqueIdentifier>{a81bb5fb-e0ee-4101-b5c0-d3ebf5b926f0}</UniqueIdentifier>
    </Filter>
    <Filter Include="扫描线程">
      <UniqueIdentifier>{30fcb582-70a2-420e-ae99-418de9b02375}</UniqueIdentifier>
    </Filter>
    <Filter Include="模板制作窗口%2a%2a%2a\高级参数设置">
      <UniqueIdentifier>{0183217b-9242-4436-9a49-10ddc384e379}</UniqueIdentifier>
    </Filter>
  </ItemGroup>
  <ItemGroup>
    <Text Include="ReadMe.txt" />
  </ItemGroup>
  <ItemGroup>
    <ClInclude Include="ScanTool.h">
      <Filter>头文件</Filter>
    </ClInclude>
    <ClInclude Include="ScanToolDlg.h">
      <Filter>头文件</Filter>
    </ClInclude>
    <ClInclude Include="stdafx.h">
      <Filter>头文件</Filter>
    </ClInclude>
    <ClInclude Include="targetver.h">
      <Filter>头文件</Filter>
    </ClInclude>
    <ClInclude Include="Resource.h">
      <Filter>头文件</Filter>
    </ClInclude>
    <ClInclude Include="picCtrl\CV_picture.h">
      <Filter>图片控件</Filter>
    </ClInclude>
    <ClInclude Include="picCtrl\CvvImage.h">
      <Filter>图片控件</Filter>
    </ClInclude>
    <ClInclude Include="PicShow.h">
      <Filter>图片控件</Filter>
    </ClInclude>
    <ClInclude Include="global.h">
      <Filter>global</Filter>
    </ClInclude>
    <ClInclude Include="MakeModelDlg.h">
      <Filter>模板制作窗口%2a%2a%2a</Filter>
    </ClInclude>
    <ClInclude Include="..\..\common\unzip.h">
      <Filter>common</Filter>
    </ClInclude>
    <ClInclude Include="..\..\common\zip.h">
      <Filter>common</Filter>
    </ClInclude>
    <ClInclude Include="MyCodeConvert.h">
      <Filter>转码</Filter>
    </ClInclude>
    <ClInclude Include="RecognizeThread.h">
      <Filter>识别任务处理线程</Filter>
    </ClInclude>
    <ClInclude Include="PaperInputDlg.h">
      <Filter>试卷导入窗口</Filter>
    </ClInclude>
    <ClInclude Include="twain.h">
      <Filter>扫描仪控制</Filter>
    </ClInclude>
    <ClInclude Include="TwainCpp.h">
      <Filter>扫描仪控制</Filter>
    </ClInclude>
    <ClInclude Include="bmp2ipl.h">
      <Filter>BMP与IPLImage互转%28暂不用%29</Filter>
    </ClInclude>
    <ClInclude Include="DIB.h">
      <Filter>扫描仪控制</Filter>
    </ClInclude>
    <ClInclude Include="ScanCtrlDlg.h">
      <Filter>扫描参数控制窗口</Filter>
    </ClInclude>
    <ClInclude Include="PapersInfoSaveDlg.h">
      <Filter>试卷袋信息保存</Filter>
    </ClInclude>
    <ClInclude Include="ModelInfoDlg.h">
      <Filter>模板制作窗口%2a%2a%2a\创建新模板信息填写窗口</Filter>
    </ClInclude>
    <ClInclude Include="ModelSaveDlg.h">
      <Filter>模板制作窗口%2a%2a%2a\保存模板窗口</Filter>
    </ClInclude>
    <ClInclude Include="FileUpLoad.h">
      <Filter>文件上传</Filter>
    </ClInclude>
    <ClInclude Include="Thread.h">
      <Filter>文件上传</Filter>
    </ClInclude>
    <ClInclude Include="..\..\common\Net_Cmd_Protocol.h">
      <Filter>common</Filter>
    </ClInclude>
    <ClInclude Include="..\..\common\NetCtrl.h">
      <Filter>common</Filter>
    </ClInclude>
    <ClInclude Include="..\..\common\md5.h">
      <Filter>common</Filter>
    </ClInclude>
    <ClInclude Include="SendFileThread.h">
      <Filter>文件上传</Filter>
    </ClInclude>
    <ClInclude Include="LoginDlg.h">
      <Filter>登录</Filter>
    </ClInclude>
    <ClInclude Include="RecogInfoDlg.h">
      <Filter>模板制作窗口%2a%2a%2a\识别信息修改窗口</Filter>
    </ClInclude>
    <ClInclude Include="OmrInfoDlg.h">
      <Filter>模板制作窗口%2a%2a%2a\OMR选项设置</Filter>
    </ClInclude>
    <ClInclude Include="THSetDlg.h">
      <Filter>模板制作窗口%2a%2a%2a\OMR题号设置窗口</Filter>
    </ClInclude>
    <ClInclude Include="GetModelDlg.h">
      <Filter>模板管理窗口\下载扫描模板窗口</Filter>
    </ClInclude>
    <ClInclude Include="TcpClient.h">
      <Filter>与服务器通信线程</Filter>
    </ClInclude>
    <ClInclude Include="SNInfoSetDlg.h">
      <Filter>模板制作窗口%2a%2a%2a\考号信息设置窗口</Filter>
    </ClInclude>
    <ClInclude Include="minidump.h">
      <Filter>dump</Filter>
    </ClInclude>
    <ClInclude Include="ShowModelInfoDlg.h">
      <Filter>模板信息显示窗口</Filter>
    </ClInclude>
    <ClInclude Include="ScanModleMgrDlg.h">
      <Filter>模板管理窗口</Filter>
    </ClInclude>
    <ClInclude Include="ShowFileTransferDlg.h">
      <Filter>文件传输显示窗口</Filter>
    </ClInclude>
    <ClInclude Include="ScanerInfoDlg.h">
      <Filter>扫描员信息窗口</Filter>
    </ClInclude>
    <ClInclude Include="GuideDlg.h">
      <Filter>%2a%2a%2a%2a%2a%2a%2a主引导界面%2a%2a%2a%2a%2a%2a%2a%2a%2a</Filter>
    </ClInclude>
    <ClInclude Include="ParamSetDlg.h">
      <Filter>参数设置界面</Filter>
    </ClInclude>
    <ClInclude Include="ExamInfoDlg.h">
      <Filter>考试信息子窗口</Filter>
    </ClInclude>
    <ClInclude Include="pdf2jpg\MuPDFConvert.h">
      <Filter>pdf转jpg</Filter>
    </ClInclude>
    <ClInclude Include="..\..\common\modelInfo.h">
      <Filter>common</Filter>
    </ClInclude>
    <ClInclude Include="ElectOmrDlg.h">
      <Filter>模板制作窗口%2a%2a%2a\选做题信息设置窗口</Filter>
    </ClInclude>
    <ClInclude Include="CompressThread.h">
      <Filter>解压缩</Filter>
    </ClInclude>
    <ClInclude Include="ComboBoxExt.h">
      <Filter>下拉列表</Filter>
    </ClInclude>
    <ClInclude Include="ComboBoxExtList.h">
      <Filter>下拉列表</Filter>
    </ClInclude>
    <ClInclude Include="ScanThread.h">
      <Filter>扫描线程</Filter>
    </ClInclude>
    <ClInclude Include="AdvancedSetDlg.h">
      <Filter>模板制作窗口%2a%2a%2a\高级参数设置</Filter>
    </ClInclude>
  </ItemGroup>
  <ItemGroup>
    <ClCompile Include="ScanTool.cpp">
      <Filter>源文件</Filter>
    </ClCompile>
    <ClCompile Include="ScanToolDlg.cpp">
      <Filter>源文件</Filter>
    </ClCompile>
    <ClCompile Include="stdafx.cpp">
      <Filter>源文件</Filter>
    </ClCompile>
    <ClCompile Include="picCtrl\CV_picture.cpp">
      <Filter>图片控件</Filter>
    </ClCompile>
    <ClCompile Include="picCtrl\CvvImage.cpp">
      <Filter>图片控件</Filter>
    </ClCompile>
    <ClCompile Include="PicShow.cpp">
      <Filter>图片控件</Filter>
    </ClCompile>
    <ClCompile Include="MakeModelDlg.cpp">
      <Filter>模板制作窗口%2a%2a%2a</Filter>
    </ClCompile>
    <ClCompile Include="..\..\common\unzip.cpp">
      <Filter>common</Filter>
    </ClCompile>
    <ClCompile Include="..\..\common\zip.cpp">
      <Filter>common</Filter>
    </ClCompile>
    <ClCompile Include="MyCodeConvert.cpp">
      <Filter>转码</Filter>
    </ClCompile>
    <ClCompile Include="RecognizeThread.cpp">
      <Filter>识别任务处理线程</Filter>
    </ClCompile>
    <ClCompile Include="PaperInputDlg.cpp">
      <Filter>试卷导入窗口</Filter>
    </ClCompile>
    <ClCompile Include="TwainCpp.cpp">
      <Filter>扫描仪控制</Filter>
    </ClCompile>
    <ClCompile Include="bmp2ipl.cpp">
      <Filter>BMP与IPLImage互转%28暂不用%29</Filter>
    </ClCompile>
    <ClCompile Include="DIB.cpp">
      <Filter>扫描仪控制</Filter>
    </ClCompile>
    <ClCompile Include="ScanCtrlDlg.cpp">
      <Filter>扫描参数控制窗口</Filter>
    </ClCompile>
    <ClCompile Include="PapersInfoSaveDlg.cpp">
      <Filter>试卷袋信息保存</Filter>
    </ClCompile>
    <ClCompile Include="global.cpp">
      <Filter>global</Filter>
    </ClCompile>
    <ClCompile Include="ModelInfoDlg.cpp">
      <Filter>模板制作窗口%2a%2a%2a\创建新模板信息填写窗口</Filter>
    </ClCompile>
    <ClCompile Include="ModelSaveDlg.cpp">
      <Filter>模板制作窗口%2a%2a%2a\保存模板窗口</Filter>
    </ClCompile>
    <ClCompile Include="FileUpLoad.cpp">
      <Filter>文件上传</Filter>
    </ClCompile>
    <ClCompile Include="Thread.cpp">
      <Filter>文件上传</Filter>
    </ClCompile>
    <ClCompile Include="..\..\common\md5.cpp">
      <Filter>common</Filter>
    </ClCompile>
    <ClCompile Include="SendFileThread.cpp">
      <Filter>文件上传</Filter>
    </ClCompile>
    <ClCompile Include="LoginDlg.cpp">
      <Filter>登录</Filter>
    </ClCompile>
    <ClCompile Include="RecogInfoDlg.cpp">
      <Filter>模板制作窗口%2a%2a%2a\识别信息修改窗口</Filter>
    </ClCompile>
    <ClCompile Include="OmrInfoDlg.cpp">
      <Filter>模板制作窗口%2a%2a%2a\OMR选项设置</Filter>
    </ClCompile>
    <ClCompile Include="THSetDlg.cpp">
      <Filter>模板制作窗口%2a%2a%2a\OMR题号设置窗口</Filter>
    </ClCompile>
    <ClCompile Include="GetModelDlg.cpp">
      <Filter>模板管理窗口\下载扫描模板窗口</Filter>
    </ClCompile>
    <ClCompile Include="TcpClient.cpp">
      <Filter>与服务器通信线程</Filter>
    </ClCompile>
    <ClCompile Include="SNInfoSetDlg.cpp">
      <Filter>模板制作窗口%2a%2a%2a\考号信息设置窗口</Filter>
    </ClCompile>
    <ClCompile Include="ShowModelInfoDlg.cpp">
      <Filter>模板信息显示窗口</Filter>
    </ClCompile>
    <ClCompile Include="ScanModleMgrDlg.cpp">
      <Filter>模板管理窗口</Filter>
    </ClCompile>
    <ClCompile Include="ShowFileTransferDlg.cpp">
      <Filter>文件传输显示窗口</Filter>
    </ClCompile>
    <ClCompile Include="ScanerInfoDlg.cpp">
      <Filter>扫描员信息窗口</Filter>
    </ClCompile>
    <ClCompile Include="GuideDlg.cpp">
      <Filter>%2a%2a%2a%2a%2a%2a%2a主引导界面%2a%2a%2a%2a%2a%2a%2a%2a%2a</Filter>
    </ClCompile>
    <ClCompile Include="ParamSetDlg.cpp">
      <Filter>参数设置界面</Filter>
    </ClCompile>
    <ClCompile Include="ExamInfoDlg.cpp">
      <Filter>考试信息子窗口</Filter>
    </ClCompile>
    <ClCompile Include="pdf2jpg\MuPDFConvert.cpp">
      <Filter>pdf转jpg</Filter>
    </ClCompile>
    <ClCompile Include="ElectOmrDlg.cpp">
      <Filter>模板制作窗口%2a%2a%2a\选做题信息设置窗口</Filter>
    </ClCompile>
    <ClCompile Include="CompressThread.cpp">
      <Filter>解压缩</Filter>
    </ClCompile>
    <ClCompile Include="ComboBoxExt.cpp">
      <Filter>下拉列表</Filter>
    </ClCompile>
    <ClCompile Include="ComboBoxExtList.cpp">
      <Filter>下拉列表</Filter>
    </ClCompile>
    <ClCompile Include="ScanThread.cpp">
      <Filter>扫描线程</Filter>
    </ClCompile>
    <ClCompile Include="AdvancedSetDlg.cpp">
      <Filter>模板制作窗口%2a%2a%2a\高级参数设置</Filter>
    </ClCompile>
  </ItemGroup>
  <ItemGroup>
    <ResourceCompile Include="ScanTool.rc">
      <Filter>资源文件</Filter>
    </ResourceCompile>
  </ItemGroup>
  <ItemGroup>
    <None Include="res\ScanTool.rc2">
      <Filter>资源文件</Filter>
    </None>
  </ItemGroup>
  <ItemGroup>
    <Image Include="横向1.png">
      <Filter>资源文件</Filter>
    </Image>
    <Image Include="横向2.png">
      <Filter>资源文件</Filter>
    </Image>
    <Image Include="横向3.png">
      <Filter>资源文件</Filter>
    </Image>
    <Image Include="横向4.png">
      <Filter>资源文件</Filter>
    </Image>
    <Image Include="竖直1.png">
      <Filter>资源文件</Filter>
    </Image>
    <Image Include="竖直2.png">
      <Filter>资源文件</Filter>
    </Image>
    <Image Include="竖直3.png">
      <Filter>资源文件</Filter>
    </Image>
    <Image Include="竖直4.png">
      <Filter>资源文件</Filter>
    </Image>
    <Image Include="res\横向1.png">
      <Filter>模板制作窗口%2a%2a%2a\OMR选项设置\OMR图片</Filter>
    </Image>
    <Image Include="res\横向2.png">
      <Filter>模板制作窗口%2a%2a%2a\OMR选项设置\OMR图片</Filter>
    </Image>
    <Image Include="res\横向3.png">
      <Filter>模板制作窗口%2a%2a%2a\OMR选项设置\OMR图片</Filter>
    </Image>
    <Image Include="res\横向4.png">
      <Filter>模板制作窗口%2a%2a%2a\OMR选项设置\OMR图片</Filter>
    </Image>
    <Image Include="res\竖直1.png">
      <Filter>模板制作窗口%2a%2a%2a\OMR选项设置\OMR图片</Filter>
    </Image>
    <Image Include="res\竖直2.png">
      <Filter>模板制作窗口%2a%2a%2a\OMR选项设置\OMR图片</Filter>
    </Image>
    <Image Include="res\竖直3.png">
      <Filter>模板制作窗口%2a%2a%2a\OMR选项设置\OMR图片</Filter>
    </Image>
    <Image Include="res\竖直4.png">
      <Filter>模板制作窗口%2a%2a%2a\OMR选项设置\OMR图片</Filter>
    </Image>
    <Image Include="res\bitmap1.bmp">
      <Filter>资源文件</Filter>
    </Image>
    <Image Include="..\..\..\..\code\终端管理平台\TerminalPlatform\Debug\skin\btnDecoderNormal.bmp">
      <Filter>资源文件</Filter>
    </Image>
    <Image Include="res\icon1.ico">
      <Filter>资源文件</Filter>
    </Image>
    <Image Include="res\settings.png">
      <Filter>资源文件</Filter>
    </Image>
    <Image Include="res\setting.ico">
      <Filter>资源文件</Filter>
    </Image>
    <Image Include="res\scanner.ico">
      <Filter>资源文件</Filter>
    </Image>
    <Image Include="res\ScanTool.ico">
      <Filter>资源文件</Filter>
    </Image>
  </ItemGroup>
</Project>